
Microsoft Visual Studio Solution File, Format Version 12.00
# Visual Studio Version 17
VisualStudioVersion = 17.5.002.0
MinimumVisualStudioVersion = 10.0.40219.1
Project("{9A19103F-16F7-4668-BE54-9A1E7A4F7556}") = "abstracao", "abstracao\abstracao.csproj", "{CCF4F911-9EF4-465A-84A2-171E19106BE7}"
EndProject
Project("{9A19103F-16F7-4668-BE54-9A1E7A4F7556}") = "ArrayList", "ArrayList\ArrayList.csproj", "{A873F1DB-ED41-41D9-81E5-D76D12784DF6}"
EndProject
Project("{9A19103F-16F7-4668-BE54-9A1E7A4F7556}") = "construtores", "construtores\construtores.csproj", "{5CFF59A9-D5B0-4BA2-B495-E96B951830F2}"
EndProject
Project("{9A19103F-16F7-4668-BE54-9A1E7A4F7556}") = "Enum", "Enum\Enum.csproj", "{24BDD03E-4CFA-4EFE-B003-4213ED289037}"
EndProject
Project("{9A19103F-16F7-4668-BE54-9A1E7A4F7556}") = "foreach", "foreach\foreach.csproj", "{1B9DBB2C-3A6C-4BA4-9C90-98ADF9E44052}"
EndProject
Project("{9A19103F-16F7-4668-BE54-9A1E7A4F7556}") = "get_set", "get_set\get_set.csproj", "{CD6F1336-F0B9-435E-84CA-F67BAABFB364}"
EndProject
Project("{9A19103F-16F7-4668-BE54-9A1E7A4F7556}") = "polimorfismo", "polimorfismo\polimorfismo.csproj", "{B57A0F26-F3A6-4C39-AFF0-7B7DB5B2B456}"
EndProject
Project("{9A19103F-16F7-4668-BE54-9A1E7A4F7556}") = "this", "this\this.csproj", "{1A86EDD0-9AF1-4BAA-ABD0-229A2A90F172}"
EndProject
Project("{2150E333-8FDC-42A3-9474-1A3956D46DE8}") = "Exercicios", "Exercicios", "{6F6241F4-43D3-4AFC-973F-A7958A1CAAB2}"
EndProject
Project("{9A19103F-16F7-4668-BE54-9A1E7A4F7556}") = "Ex001", "Exercicios\Ex001\Ex001.csproj", "{E1965A24-6BC7-4464-B438-A943F97A1DC5}"
EndProject
Project("{9A19103F-16F7-4668-BE54-9A1E7A4F7556}") = "Ex002", "Exercicios\Ex002\Ex002.csproj", "{B036FC6B-33FC-43FE-84D1-EFEC66FE5179}"
EndProject
Project("{9A19103F-16F7-4668-BE54-9A1E7A4F7556}") = "Ex003", "Exercicios\Ex003\Ex003.csproj", "{48F5FEBB-D6B2-4884-A7B4-EC137CAE9600}"
EndProject
Project("{9A19103F-16F7-4668-BE54-9A1E7A4F7556}") = "Ex004", "Exercicios\Ex004\Ex004.csproj", "{42AAB39F-0E17-4602-87F9-DAC90745310D}"
EndProject
Project("{9A19103F-16F7-4668-BE54-9A1E7A4F7556}") = "Ex005", "Exercicios\Ex005\Ex005.csproj", "{EBBB20BF-9AA5-40BA-B83C-8340EB159250}"
EndProject
Project("{9A19103F-16F7-4668-BE54-9A1E7A4F7556}") = "Ex006", "Exercicios\Ex006\Ex006.csproj", "{A42F5C3F-4430-429B-AF9E-A4F24C168FB0}"
EndProject
Project("{9A19103F-16F7-4668-BE54-9A1E7A4F7556}") = "Ex007", "Exercicios\Ex007\Ex007.csproj", "{79BAA96A-394D-4A94-BA49-A9AA47FC239F}"
EndProject
Project("{9A19103F-16F7-4668-BE54-9A1E7A4F7556}") = "Ex008", "Exercicios\Ex008\Ex008.csproj", "{22BC4D7D-7414-4607-A30F-DBF6264809B2}"
EndProject
Project("{9A19103F-16F7-4668-BE54-9A1E7A4F7556}") = "Ex009", "Exercicios\Ex009\Ex009.csproj", "{F68CC0DB-A2B5-4689-A62D-068C433B9FA7}"
EndProject
Project("{9A19103F-16F7-4668-BE54-9A1E7A4F7556}") = "Ex010", "Exercicios\Ex010\Ex010.csproj", "{775EEEB2-AC1A-400E-A03E-C3B3B39F4385}"
EndProject
Project("{9A19103F-16F7-4668-BE54-9A1E7A4F7556}") = "Ex011", "Exercicios\Ex011\Ex011.csproj", "{69C0FC2B-7CF9-4C14-918B-AF88DEF588B8}"
EndProject
Project("{9A19103F-16F7-4668-BE54-9A1E7A4F7556}") = "Ex012", "Exercicios\Ex012\Ex012.csproj", "{1C00D6BB-5AE3-4C7C-B4C5-C5017611994E}"
EndProject
Project("{9A19103F-16F7-4668-BE54-9A1E7A4F7556}") = "Ex013", "Exercicios\Ex013\Ex013.csproj", "{A4E73C93-0837-4CFA-8332-94F8AB124296}"
EndProject
Project("{9A19103F-16F7-4668-BE54-9A1E7A4F7556}") = "Ex014", "Exercicios\Ex014\Ex014.csproj", "{05A0BA82-DB3F-4935-AF7A-2E72A254BC85}"
EndProject
Project("{9A19103F-16F7-4668-BE54-9A1E7A4F7556}") = "Ex015", "Exercicios\Ex015\Ex015.csproj", "{A03A8B75-0088-49E4-8483-C868A2FDAFC0}"
EndProject
Project("{9A19103F-16F7-4668-BE54-9A1E7A4F7556}") = "Ex016", "Exercicios\Ex016\Ex016.csproj", "{7D90C230-4384-494D-8391-2C24CC5E9181}"
EndProject
Project("{9A19103F-16F7-4668-BE54-9A1E7A4F7556}") = "Ex017", "Exercicios\Ex017\Ex017.csproj", "{AFD2511A-EC0B-482F-BD6E-7B86BD0D4AE5}"
EndProject
Project("{9A19103F-16F7-4668-BE54-9A1E7A4F7556}") = "Ex018", "Exercicios\Ex018\Ex018.csproj", "{7365E61E-1646-417F-B883-377B943183EF}"
EndProject
Project("{9A19103F-16F7-4668-BE54-9A1E7A4F7556}") = "Ex019", "Exercicios\Ex019\Ex019.csproj", "{3F2468B1-2552-4C7C-9A44-92361D5F04E1}"
EndProject
Project("{9A19103F-16F7-4668-BE54-9A1E7A4F7556}") = "Ex020", "Exercicios\Ex020\Ex020.csproj", "{EF604D27-2947-4BA8-94D9-45874F8742DF}"
EndProject
Project("{9A19103F-16F7-4668-BE54-9A1E7A4F7556}") = "Ex021", "Exercicios\Ex021\Ex021.csproj", "{DFCECDB3-4BA2-4054-BD37-29B2DD3130D4}"
EndProject
Project("{9A19103F-16F7-4668-BE54-9A1E7A4F7556}") = "Ex022", "Exercicios\Ex022\Ex022.csproj", "{EC867323-2E31-4677-B5A2-2C47CBDB76D8}"
EndProject
Project("{9A19103F-16F7-4668-BE54-9A1E7A4F7556}") = "Ex023", "Exercicios\Ex023\Ex023.csproj", "{DC64704F-AF63-4A89-892E-799F08F71BF5}"
EndProject
Project("{9A19103F-16F7-4668-BE54-9A1E7A4F7556}") = "Ex024", "Exercicios\Ex024\Ex024.csproj", "{E23CF40B-7393-452E-9FC3-5068550E2E37}"
EndProject
Project("{9A19103F-16F7-4668-BE54-9A1E7A4F7556}") = "Ex025", "Exercicios\Ex025\Ex025.csproj", "{C0A851F0-456A-4392-8538-1797890EC5A2}"
EndProject
Project("{9A19103F-16F7-4668-BE54-9A1E7A4F7556}") = "Ex026", "Exercicios\Ex026\Ex026.csproj", "{0FE906C5-2B1B-459A-853A-1063E58EAAAD}"
EndProject
Project("{9A19103F-16F7-4668-BE54-9A1E7A4F7556}") = "Ex027", "Exercicios\Ex027\Ex027.csproj", "{84F68138-28C8-46AD-9E26-030C9B525B96}"
EndProject
Project("{9A19103F-16F7-4668-BE54-9A1E7A4F7556}") = "Ex028", "Exercicios\Ex028\Ex028.csproj", "{58714021-17E5-4A23-B00A-ABE673921AE6}"
EndProject
Project("{9A19103F-16F7-4668-BE54-9A1E7A4F7556}") = "Ex029", "Exercicios\Ex029\Ex029.csproj", "{9D06B32C-48DB-4119-9215-C459CD667B56}"
EndProject
Project("{9A19103F-16F7-4668-BE54-9A1E7A4F7556}") = "Ex030", "Exercicios\Ex030\Ex030.csproj", "{36F137DD-C3AD-456B-8065-863CC0DE449B}"
EndProject
Global
	GlobalSection(SolutionConfigurationPlatforms) = preSolution
		Debug|Any CPU = Debug|Any CPU
		Release|Any CPU = Release|Any CPU
	EndGlobalSection
	GlobalSection(ProjectConfigurationPlatforms) = postSolution
		{CCF4F911-9EF4-465A-84A2-171E19106BE7}.Debug|Any CPU.ActiveCfg = Debug|Any CPU
		{CCF4F911-9EF4-465A-84A2-171E19106BE7}.Debug|Any CPU.Build.0 = Debug|Any CPU
		{CCF4F911-9EF4-465A-84A2-171E19106BE7}.Release|Any CPU.ActiveCfg = Release|Any CPU
		{CCF4F911-9EF4-465A-84A2-171E19106BE7}.Release|Any CPU.Build.0 = Release|Any CPU
		{A873F1DB-ED41-41D9-81E5-D76D12784DF6}.Debug|Any CPU.ActiveCfg = Debug|Any CPU
		{A873F1DB-ED41-41D9-81E5-D76D12784DF6}.Debug|Any CPU.Build.0 = Debug|Any CPU
		{A873F1DB-ED41-41D9-81E5-D76D12784DF6}.Release|Any CPU.ActiveCfg = Release|Any CPU
		{A873F1DB-ED41-41D9-81E5-D76D12784DF6}.Release|Any CPU.Build.0 = Release|Any CPU
		{5CFF59A9-D5B0-4BA2-B495-E96B951830F2}.Debug|Any CPU.ActiveCfg = Debug|Any CPU
		{5CFF59A9-D5B0-4BA2-B495-E96B951830F2}.Debug|Any CPU.Build.0 = Debug|Any CPU
		{5CFF59A9-D5B0-4BA2-B495-E96B951830F2}.Release|Any CPU.ActiveCfg = Release|Any CPU
		{5CFF59A9-D5B0-4BA2-B495-E96B951830F2}.Release|Any CPU.Build.0 = Release|Any CPU
		{24BDD03E-4CFA-4EFE-B003-4213ED289037}.Debug|Any CPU.ActiveCfg = Debug|Any CPU
		{24BDD03E-4CFA-4EFE-B003-4213ED289037}.Debug|Any CPU.Build.0 = Debug|Any CPU
		{24BDD03E-4CFA-4EFE-B003-4213ED289037}.Release|Any CPU.ActiveCfg = Release|Any CPU
		{24BDD03E-4CFA-4EFE-B003-4213ED289037}.Release|Any CPU.Build.0 = Release|Any CPU
		{1B9DBB2C-3A6C-4BA4-9C90-98ADF9E44052}.Debug|Any CPU.ActiveCfg = Debug|Any CPU
		{1B9DBB2C-3A6C-4BA4-9C90-98ADF9E44052}.Debug|Any CPU.Build.0 = Debug|Any CPU
		{1B9DBB2C-3A6C-4BA4-9C90-98ADF9E44052}.Release|Any CPU.ActiveCfg = Release|Any CPU
		{1B9DBB2C-3A6C-4BA4-9C90-98ADF9E44052}.Release|Any CPU.Build.0 = Release|Any CPU
		{CD6F1336-F0B9-435E-84CA-F67BAABFB364}.Debug|Any CPU.ActiveCfg = Debug|Any CPU
		{CD6F1336-F0B9-435E-84CA-F67BAABFB364}.Debug|Any CPU.Build.0 = Debug|Any CPU
		{CD6F1336-F0B9-435E-84CA-F67BAABFB364}.Release|Any CPU.ActiveCfg = Release|Any CPU
		{CD6F1336-F0B9-435E-84CA-F67BAABFB364}.Release|Any CPU.Build.0 = Release|Any CPU
		{B57A0F26-F3A6-4C39-AFF0-7B7DB5B2B456}.Debug|Any CPU.ActiveCfg = Debug|Any CPU
		{B57A0F26-F3A6-4C39-AFF0-7B7DB5B2B456}.Debug|Any CPU.Build.0 = Debug|Any CPU
		{B57A0F26-F3A6-4C39-AFF0-7B7DB5B2B456}.Release|Any CPU.ActiveCfg = Release|Any CPU
		{B57A0F26-F3A6-4C39-AFF0-7B7DB5B2B456}.Release|Any CPU.Build.0 = Release|Any CPU
		{1A86EDD0-9AF1-4BAA-ABD0-229A2A90F172}.Debug|Any CPU.ActiveCfg = Debug|Any CPU
		{1A86EDD0-9AF1-4BAA-ABD0-229A2A90F172}.Debug|Any CPU.Build.0 = Debug|Any CPU
		{1A86EDD0-9AF1-4BAA-ABD0-229A2A90F172}.Release|Any CPU.ActiveCfg = Release|Any CPU
		{1A86EDD0-9AF1-4BAA-ABD0-229A2A90F172}.Release|Any CPU.Build.0 = Release|Any CPU
		{E1965A24-6BC7-4464-B438-A943F97A1DC5}.Debug|Any CPU.ActiveCfg = Debug|Any CPU
		{E1965A24-6BC7-4464-B438-A943F97A1DC5}.Debug|Any CPU.Build.0 = Debug|Any CPU
		{E1965A24-6BC7-4464-B438-A943F97A1DC5}.Release|Any CPU.ActiveCfg = Release|Any CPU
		{E1965A24-6BC7-4464-B438-A943F97A1DC5}.Release|Any CPU.Build.0 = Release|Any CPU
		{B036FC6B-33FC-43FE-84D1-EFEC66FE5179}.Debug|Any CPU.ActiveCfg = Debug|Any CPU
		{B036FC6B-33FC-43FE-84D1-EFEC66FE5179}.Debug|Any CPU.Build.0 = Debug|Any CPU
		{B036FC6B-33FC-43FE-84D1-EFEC66FE5179}.Release|Any CPU.ActiveCfg = Release|Any CPU
		{B036FC6B-33FC-43FE-84D1-EFEC66FE5179}.Release|Any CPU.Build.0 = Release|Any CPU
		{48F5FEBB-D6B2-4884-A7B4-EC137CAE9600}.Debug|Any CPU.ActiveCfg = Debug|Any CPU
		{48F5FEBB-D6B2-4884-A7B4-EC137CAE9600}.Debug|Any CPU.Build.0 = Debug|Any CPU
		{48F5FEBB-D6B2-4884-A7B4-EC137CAE9600}.Release|Any CPU.ActiveCfg = Release|Any CPU
		{48F5FEBB-D6B2-4884-A7B4-EC137CAE9600}.Release|Any CPU.Build.0 = Release|Any CPU
		{42AAB39F-0E17-4602-87F9-DAC90745310D}.Debug|Any CPU.ActiveCfg = Debug|Any CPU
		{42AAB39F-0E17-4602-87F9-DAC90745310D}.Debug|Any CPU.Build.0 = Debug|Any CPU
		{42AAB39F-0E17-4602-87F9-DAC90745310D}.Release|Any CPU.ActiveCfg = Release|Any CPU
		{42AAB39F-0E17-4602-87F9-DAC90745310D}.Release|Any CPU.Build.0 = Release|Any CPU
		{EBBB20BF-9AA5-40BA-B83C-8340EB159250}.Debug|Any CPU.ActiveCfg = Debug|Any CPU
		{EBBB20BF-9AA5-40BA-B83C-8340EB159250}.Debug|Any CPU.Build.0 = Debug|Any CPU
		{EBBB20BF-9AA5-40BA-B83C-8340EB159250}.Release|Any CPU.ActiveCfg = Release|Any CPU
		{EBBB20BF-9AA5-40BA-B83C-8340EB159250}.Release|Any CPU.Build.0 = Release|Any CPU
		{A42F5C3F-4430-429B-AF9E-A4F24C168FB0}.Debug|Any CPU.ActiveCfg = Debug|Any CPU
		{A42F5C3F-4430-429B-AF9E-A4F24C168FB0}.Debug|Any CPU.Build.0 = Debug|Any CPU
		{A42F5C3F-4430-429B-AF9E-A4F24C168FB0}.Release|Any CPU.ActiveCfg = Release|Any CPU
		{A42F5C3F-4430-429B-AF9E-A4F24C168FB0}.Release|Any CPU.Build.0 = Release|Any CPU
		{79BAA96A-394D-4A94-BA49-A9AA47FC239F}.Debug|Any CPU.ActiveCfg = Debug|Any CPU
		{79BAA96A-394D-4A94-BA49-A9AA47FC239F}.Debug|Any CPU.Build.0 = Debug|Any CPU
		{79BAA96A-394D-4A94-BA49-A9AA47FC239F}.Release|Any CPU.ActiveCfg = Release|Any CPU
		{79BAA96A-394D-4A94-BA49-A9AA47FC239F}.Release|Any CPU.Build.0 = Release|Any CPU
		{22BC4D7D-7414-4607-A30F-DBF6264809B2}.Debug|Any CPU.ActiveCfg = Debug|Any CPU
		{22BC4D7D-7414-4607-A30F-DBF6264809B2}.Debug|Any CPU.Build.0 = Debug|Any CPU
		{22BC4D7D-7414-4607-A30F-DBF6264809B2}.Release|Any CPU.ActiveCfg = Release|Any CPU
		{22BC4D7D-7414-4607-A30F-DBF6264809B2}.Release|Any CPU.Build.0 = Release|Any CPU
		{F68CC0DB-A2B5-4689-A62D-068C433B9FA7}.Debug|Any CPU.ActiveCfg = Debug|Any CPU
		{F68CC0DB-A2B5-4689-A62D-068C433B9FA7}.Debug|Any CPU.Build.0 = Debug|Any CPU
		{F68CC0DB-A2B5-4689-A62D-068C433B9FA7}.Release|Any CPU.ActiveCfg = Release|Any CPU
		{F68CC0DB-A2B5-4689-A62D-068C433B9FA7}.Release|Any CPU.Build.0 = Release|Any CPU
		{775EEEB2-AC1A-400E-A03E-C3B3B39F4385}.Debug|Any CPU.ActiveCfg = Debug|Any CPU
		{775EEEB2-AC1A-400E-A03E-C3B3B39F4385}.Debug|Any CPU.Build.0 = Debug|Any CPU
		{775EEEB2-AC1A-400E-A03E-C3B3B39F4385}.Release|Any CPU.ActiveCfg = Release|Any CPU
		{775EEEB2-AC1A-400E-A03E-C3B3B39F4385}.Release|Any CPU.Build.0 = Release|Any CPU
		{69C0FC2B-7CF9-4C14-918B-AF88DEF588B8}.Debug|Any CPU.ActiveCfg = Debug|Any CPU
		{69C0FC2B-7CF9-4C14-918B-AF88DEF588B8}.Debug|Any CPU.Build.0 = Debug|Any CPU
		{69C0FC2B-7CF9-4C14-918B-AF88DEF588B8}.Release|Any CPU.ActiveCfg = Release|Any CPU
		{69C0FC2B-7CF9-4C14-918B-AF88DEF588B8}.Release|Any CPU.Build.0 = Release|Any CPU
		{1C00D6BB-5AE3-4C7C-B4C5-C5017611994E}.Debug|Any CPU.ActiveCfg = Debug|Any CPU
		{1C00D6BB-5AE3-4C7C-B4C5-C5017611994E}.Debug|Any CPU.Build.0 = Debug|Any CPU
		{1C00D6BB-5AE3-4C7C-B4C5-C5017611994E}.Release|Any CPU.ActiveCfg = Release|Any CPU
		{1C00D6BB-5AE3-4C7C-B4C5-C5017611994E}.Release|Any CPU.Build.0 = Release|Any CPU
		{A4E73C93-0837-4CFA-8332-94F8AB124296}.Debug|Any CPU.ActiveCfg = Debug|Any CPU
		{A4E73C93-0837-4CFA-8332-94F8AB124296}.Debug|Any CPU.Build.0 = Debug|Any CPU
		{A4E73C93-0837-4CFA-8332-94F8AB124296}.Release|Any CPU.ActiveCfg = Release|Any CPU
		{A4E73C93-0837-4CFA-8332-94F8AB124296}.Release|Any CPU.Build.0 = Release|Any CPU
		{05A0BA82-DB3F-4935-AF7A-2E72A254BC85}.Debug|Any CPU.ActiveCfg = Debug|Any CPU
		{05A0BA82-DB3F-4935-AF7A-2E72A254BC85}.Debug|Any CPU.Build.0 = Debug|Any CPU
		{05A0BA82-DB3F-4935-AF7A-2E72A254BC85}.Release|Any CPU.ActiveCfg = Release|Any CPU
		{05A0BA82-DB3F-4935-AF7A-2E72A254BC85}.Release|Any CPU.Build.0 = Release|Any CPU
		{A03A8B75-0088-49E4-8483-C868A2FDAFC0}.Debug|Any CPU.ActiveCfg = Debug|Any CPU
		{A03A8B75-0088-49E4-8483-C868A2FDAFC0}.Debug|Any CPU.Build.0 = Debug|Any CPU
		{A03A8B75-0088-49E4-8483-C868A2FDAFC0}.Release|Any CPU.ActiveCfg = Release|Any CPU
		{A03A8B75-0088-49E4-8483-C868A2FDAFC0}.Release|Any CPU.Build.0 = Release|Any CPU
		{7D90C230-4384-494D-8391-2C24CC5E9181}.Debug|Any CPU.ActiveCfg = Debug|Any CPU
		{7D90C230-4384-494D-8391-2C24CC5E9181}.Debug|Any CPU.Build.0 = Debug|Any CPU
		{7D90C230-4384-494D-8391-2C24CC5E9181}.Release|Any CPU.ActiveCfg = Release|Any CPU
		{7D90C230-4384-494D-8391-2C24CC5E9181}.Release|Any CPU.Build.0 = Release|Any CPU
		{AFD2511A-EC0B-482F-BD6E-7B86BD0D4AE5}.Debug|Any CPU.ActiveCfg = Debug|Any CPU
		{AFD2511A-EC0B-482F-BD6E-7B86BD0D4AE5}.Debug|Any CPU.Build.0 = Debug|Any CPU
		{AFD2511A-EC0B-482F-BD6E-7B86BD0D4AE5}.Release|Any CPU.ActiveCfg = Release|Any CPU
		{AFD2511A-EC0B-482F-BD6E-7B86BD0D4AE5}.Release|Any CPU.Build.0 = Release|Any CPU
		{7365E61E-1646-417F-B883-377B943183EF}.Debug|Any CPU.ActiveCfg = Debug|Any CPU
		{7365E61E-1646-417F-B883-377B943183EF}.Debug|Any CPU.Build.0 = Debug|Any CPU
		{7365E61E-1646-417F-B883-377B943183EF}.Release|Any CPU.ActiveCfg = Release|Any CPU
		{7365E61E-1646-417F-B883-377B943183EF}.Release|Any CPU.Build.0 = Release|Any CPU
		{3F2468B1-2552-4C7C-9A44-92361D5F04E1}.Debug|Any CPU.ActiveCfg = Debug|Any CPU
		{3F2468B1-2552-4C7C-9A44-92361D5F04E1}.Debug|Any CPU.Build.0 = Debug|Any CPU
		{3F2468B1-2552-4C7C-9A44-92361D5F04E1}.Release|Any CPU.ActiveCfg = Release|Any CPU
		{3F2468B1-2552-4C7C-9A44-92361D5F04E1}.Release|Any CPU.Build.0 = Release|Any CPU
		{EF604D27-2947-4BA8-94D9-45874F8742DF}.Debug|Any CPU.ActiveCfg = Debug|Any CPU
		{EF604D27-2947-4BA8-94D9-45874F8742DF}.Debug|Any CPU.Build.0 = Debug|Any CPU
		{EF604D27-2947-4BA8-94D9-45874F8742DF}.Release|Any CPU.ActiveCfg = Release|Any CPU
		{EF604D27-2947-4BA8-94D9-45874F8742DF}.Release|Any CPU.Build.0 = Release|Any CPU
		{DFCECDB3-4BA2-4054-BD37-29B2DD3130D4}.Debug|Any CPU.ActiveCfg = Debug|Any CPU
		{DFCECDB3-4BA2-4054-BD37-29B2DD3130D4}.Debug|Any CPU.Build.0 = Debug|Any CPU
		{DFCECDB3-4BA2-4054-BD37-29B2DD3130D4}.Release|Any CPU.ActiveCfg = Release|Any CPU
		{DFCECDB3-4BA2-4054-BD37-29B2DD3130D4}.Release|Any CPU.Build.0 = Release|Any CPU
		{EC867323-2E31-4677-B5A2-2C47CBDB76D8}.Debug|Any CPU.ActiveCfg = Debug|Any CPU
		{EC867323-2E31-4677-B5A2-2C47CBDB76D8}.Debug|Any CPU.Build.0 = Debug|Any CPU
		{EC867323-2E31-4677-B5A2-2C47CBDB76D8}.Release|Any CPU.ActiveCfg = Release|Any CPU
		{EC867323-2E31-4677-B5A2-2C47CBDB76D8}.Release|Any CPU.Build.0 = Release|Any CPU
		{DC64704F-AF63-4A89-892E-799F08F71BF5}.Debug|Any CPU.ActiveCfg = Debug|Any CPU
		{DC64704F-AF63-4A89-892E-799F08F71BF5}.Debug|Any CPU.Build.0 = Debug|Any CPU
		{DC64704F-AF63-4A89-892E-799F08F71BF5}.Release|Any CPU.ActiveCfg = Release|Any CPU
		{DC64704F-AF63-4A89-892E-799F08F71BF5}.Release|Any CPU.Build.0 = Release|Any CPU
		{E23CF40B-7393-452E-9FC3-5068550E2E37}.Debug|Any CPU.ActiveCfg = Debug|Any CPU
		{E23CF40B-7393-452E-9FC3-5068550E2E37}.Debug|Any CPU.Build.0 = Debug|Any CPU
		{E23CF40B-7393-452E-9FC3-5068550E2E37}.Release|Any CPU.ActiveCfg = Release|Any CPU
		{E23CF40B-7393-452E-9FC3-5068550E2E37}.Release|Any CPU.Build.0 = Release|Any CPU
		{C0A851F0-456A-4392-8538-1797890EC5A2}.Debug|Any CPU.ActiveCfg = Debug|Any CPU
		{C0A851F0-456A-4392-8538-1797890EC5A2}.Debug|Any CPU.Build.0 = Debug|Any CPU
		{C0A851F0-456A-4392-8538-1797890EC5A2}.Release|Any CPU.ActiveCfg = Release|Any CPU
		{C0A851F0-456A-4392-8538-1797890EC5A2}.Release|Any CPU.Build.0 = Release|Any CPU
		{0FE906C5-2B1B-459A-853A-1063E58EAAAD}.Debug|Any CPU.ActiveCfg = Debug|Any CPU
		{0FE906C5-2B1B-459A-853A-1063E58EAAAD}.Debug|Any CPU.Build.0 = Debug|Any CPU
		{0FE906C5-2B1B-459A-853A-1063E58EAAAD}.Release|Any CPU.ActiveCfg = Release|Any CPU
		{0FE906C5-2B1B-459A-853A-1063E58EAAAD}.Release|Any CPU.Build.0 = Release|Any CPU
		{84F68138-28C8-46AD-9E26-030C9B525B96}.Debug|Any CPU.ActiveCfg = Debug|Any CPU
		{84F68138-28C8-46AD-9E26-030C9B525B96}.Debug|Any CPU.Build.0 = Debug|Any CPU
		{84F68138-28C8-46AD-9E26-030C9B525B96}.Release|Any CPU.ActiveCfg = Release|Any CPU
		{84F68138-28C8-46AD-9E26-030C9B525B96}.Release|Any CPU.Build.0 = Release|Any CPU
		{58714021-17E5-4A23-B00A-ABE673921AE6}.Debug|Any CPU.ActiveCfg = Debug|Any CPU
		{58714021-17E5-4A23-B00A-ABE673921AE6}.Debug|Any CPU.Build.0 = Debug|Any CPU
		{58714021-17E5-4A23-B00A-ABE673921AE6}.Release|Any CPU.ActiveCfg = Release|Any CPU
		{58714021-17E5-4A23-B00A-ABE673921AE6}.Release|Any CPU.Build.0 = Release|Any CPU
		{9D06B32C-48DB-4119-9215-C459CD667B56}.Debug|Any CPU.ActiveCfg = Debug|Any CPU
		{9D06B32C-48DB-4119-9215-C459CD667B56}.Debug|Any CPU.Build.0 = Debug|Any CPU
		{9D06B32C-48DB-4119-9215-C459CD667B56}.Release|Any CPU.ActiveCfg = Release|Any CPU
		{9D06B32C-48DB-4119-9215-C459CD667B56}.Release|Any CPU.Build.0 = Release|Any CPU
		{36F137DD-C3AD-456B-8065-863CC0DE449B}.Debug|Any CPU.ActiveCfg = Debug|Any CPU
		{36F137DD-C3AD-456B-8065-863CC0DE449B}.Debug|Any CPU.Build.0 = Debug|Any CPU
		{36F137DD-C3AD-456B-8065-863CC0DE449B}.Release|Any CPU.ActiveCfg = Release|Any CPU
		{36F137DD-C3AD-456B-8065-863CC0DE449B}.Release|Any CPU.Build.0 = Release|Any CPU
	EndGlobalSection
	GlobalSection(SolutionProperties) = preSolution
		HideSolutionNode = FALSE
	EndGlobalSection
	GlobalSection(NestedProjects) = preSolution
		{E1965A24-6BC7-4464-B438-A943F97A1DC5} = {6F6241F4-43D3-4AFC-973F-A7958A1CAAB2}
		{B036FC6B-33FC-43FE-84D1-EFEC66FE5179} = {6F6241F4-43D3-4AFC-973F-A7958A1CAAB2}
		{48F5FEBB-D6B2-4884-A7B4-EC137CAE9600} = {6F6241F4-43D3-4AFC-973F-A7958A1CAAB2}
		{42AAB39F-0E17-4602-87F9-DAC90745310D} = {6F6241F4-43D3-4AFC-973F-A7958A1CAAB2}
		{EBBB20BF-9AA5-40BA-B83C-8340EB159250} = {6F6241F4-43D3-4AFC-973F-A7958A1CAAB2}
		{A42F5C3F-4430-429B-AF9E-A4F24C168FB0} = {6F6241F4-43D3-4AFC-973F-A7958A1CAAB2}
		{79BAA96A-394D-4A94-BA49-A9AA47FC239F} = {6F6241F4-43D3-4AFC-973F-A7958A1CAAB2}
		{22BC4D7D-7414-4607-A30F-DBF6264809B2} = {6F6241F4-43D3-4AFC-973F-A7958A1CAAB2}
		{F68CC0DB-A2B5-4689-A62D-068C433B9FA7} = {6F6241F4-43D3-4AFC-973F-A7958A1CAAB2}
		{775EEEB2-AC1A-400E-A03E-C3B3B39F4385} = {6F6241F4-43D3-4AFC-973F-A7958A1CAAB2}
		{69C0FC2B-7CF9-4C14-918B-AF88DEF588B8} = {6F6241F4-43D3-4AFC-973F-A7958A1CAAB2}
		{1C00D6BB-5AE3-4C7C-B4C5-C5017611994E} = {6F6241F4-43D3-4AFC-973F-A7958A1CAAB2}
		{A4E73C93-0837-4CFA-8332-94F8AB124296} = {6F6241F4-43D3-4AFC-973F-A7958A1CAAB2}
		{05A0BA82-DB3F-4935-AF7A-2E72A254BC85} = {6F6241F4-43D3-4AFC-973F-A7958A1CAAB2}
		{A03A8B75-0088-49E4-8483-C868A2FDAFC0} = {6F6241F4-43D3-4AFC-973F-A7958A1CAAB2}
		{7D90C230-4384-494D-8391-2C24CC5E9181} = {6F6241F4-43D3-4AFC-973F-A7958A1CAAB2}
		{AFD2511A-EC0B-482F-BD6E-7B86BD0D4AE5} = {6F6241F4-43D3-4AFC-973F-A7958A1CAAB2}
		{7365E61E-1646-417F-B883-377B943183EF} = {6F6241F4-43D3-4AFC-973F-A7958A1CAAB2}
		{3F2468B1-2552-4C7C-9A44-92361D5F04E1} = {6F6241F4-43D3-4AFC-973F-A7958A1CAAB2}
		{EF604D27-2947-4BA8-94D9-45874F8742DF} = {6F6241F4-43D3-4AFC-973F-A7958A1CAAB2}
		{DFCECDB3-4BA2-4054-BD37-29B2DD3130D4} = {6F6241F4-43D3-4AFC-973F-A7958A1CAAB2}
		{EC867323-2E31-4677-B5A2-2C47CBDB76D8} = {6F6241F4-43D3-4AFC-973F-A7958A1CAAB2}
		{DC64704F-AF63-4A89-892E-799F08F71BF5} = {6F6241F4-43D3-4AFC-973F-A7958A1CAAB2}
		{E23CF40B-7393-452E-9FC3-5068550E2E37} = {6F6241F4-43D3-4AFC-973F-A7958A1CAAB2}
		{C0A851F0-456A-4392-8538-1797890EC5A2} = {6F6241F4-43D3-4AFC-973F-A7958A1CAAB2}
		{0FE906C5-2B1B-459A-853A-1063E58EAAAD} = {6F6241F4-43D3-4AFC-973F-A7958A1CAAB2}
		{84F68138-28C8-46AD-9E26-030C9B525B96} = {6F6241F4-43D3-4AFC-973F-A7958A1CAAB2}
		{58714021-17E5-4A23-B00A-ABE673921AE6} = {6F6241F4-43D3-4AFC-973F-A7958A1CAAB2}
		{9D06B32C-48DB-4119-9215-C459CD667B56} = {6F6241F4-43D3-4AFC-973F-A7958A1CAAB2}
		{36F137DD-C3AD-456B-8065-863CC0DE449B} = {6F6241F4-43D3-4AFC-973F-A7958A1CAAB2}
	EndGlobalSection
	GlobalSection(ExtensibilityGlobals) = postSolution
		SolutionGuid = {6E836ACD-E295-41D0-9C83-5CC6CEE57492}
	EndGlobalSection
EndGlobal
