
Microsoft Visual Studio Solution File, Format Version 12.00
# Visual Studio Version 17
VisualStudioVersion = 17.5.002.0
MinimumVisualStudioVersion = 10.0.40219.1
Project("{9A19103F-16F7-4668-BE54-9A1E7A4F7556}") = "abstracao", "abstracao\abstracao.csproj", "{1E417739-1B45-4FC9-A6BF-E429EA75631A}"
EndProject
Project("{9A19103F-16F7-4668-BE54-9A1E7A4F7556}") = "Array", "Array\Array.csproj", "{D14DFF7A-1DC8-445D-946E-3337DCD016BE}"
EndProject
Project("{9A19103F-16F7-4668-BE54-9A1E7A4F7556}") = "ArrayList", "ArrayList\ArrayList.csproj", "{5C6BD053-1964-4845-8F28-9C9FE2DEA3AD}"
EndProject
Project("{9A19103F-16F7-4668-BE54-9A1E7A4F7556}") = "construtores", "construtores\construtores.csproj", "{97D0A39E-EA3D-4F56-9637-84B8B46FEBF9}"
EndProject
Project("{9A19103F-16F7-4668-BE54-9A1E7A4F7556}") = "Enum", "Enum\Enum.csproj", "{FEFE988E-44BE-47C6-8769-0C8F45ECD529}"
EndProject
Project("{9A19103F-16F7-4668-BE54-9A1E7A4F7556}") = "foreach", "foreach\foreach.csproj", "{895F2B86-4599-4E1F-8425-511DBF53AEA6}"
EndProject
Project("{9A19103F-16F7-4668-BE54-9A1E7A4F7556}") = "get_set", "get_set\get_set.csproj", "{233BC822-533F-4B08-B861-27DB32F50A13}"
EndProject
Project("{9A19103F-16F7-4668-BE54-9A1E7A4F7556}") = "polimorfismo", "polimorfismo\polimorfismo.csproj", "{CFB9F154-5192-45E7-821B-6E8A584803DA}"
EndProject
Project("{9A19103F-16F7-4668-BE54-9A1E7A4F7556}") = "this", "this\this.csproj", "{66218E4C-6295-4ADA-B8A7-81AA7E593777}"
EndProject
Project("{2150E333-8FDC-42A3-9474-1A3956D46DE8}") = "Exercicios", "Exercicios", "{F1BCCAA9-6BC9-40D3-B526-7E464632D080}"
EndProject
Project("{9A19103F-16F7-4668-BE54-9A1E7A4F7556}") = "Ex001", "Exercicios\Ex001\Ex001.csproj", "{0BE334CB-D2F9-40A2-8ACF-5886D3DEB049}"
EndProject
Project("{9A19103F-16F7-4668-BE54-9A1E7A4F7556}") = "Ex002", "Exercicios\Ex002\Ex002.csproj", "{1079C161-ABA9-481C-B526-C8B7587E9584}"
EndProject
Project("{9A19103F-16F7-4668-BE54-9A1E7A4F7556}") = "Ex003", "Exercicios\Ex003\Ex003.csproj", "{F431A745-47F8-4941-82E9-036171552D88}"
EndProject
Project("{9A19103F-16F7-4668-BE54-9A1E7A4F7556}") = "Ex004", "Exercicios\Ex004\Ex004.csproj", "{778AD07D-A318-4140-9039-CC8992C9B36C}"
EndProject
Project("{9A19103F-16F7-4668-BE54-9A1E7A4F7556}") = "Ex005", "Exercicios\Ex005\Ex005.csproj", "{7BD61C83-1CEA-4133-96B3-18D50E16C9EE}"
EndProject
Project("{9A19103F-16F7-4668-BE54-9A1E7A4F7556}") = "Ex006", "Exercicios\Ex006\Ex006.csproj", "{0623AADF-526F-4D04-81CB-28A965AF6753}"
EndProject
Project("{9A19103F-16F7-4668-BE54-9A1E7A4F7556}") = "Ex007", "Exercicios\Ex007\Ex007.csproj", "{47F8FEF5-3ED9-445D-A45C-5FB7533DBD9C}"
EndProject
Project("{9A19103F-16F7-4668-BE54-9A1E7A4F7556}") = "Ex008", "Exercicios\Ex008\Ex008.csproj", "{AEF0D28E-E973-450E-BAF7-B4BF02806C63}"
EndProject
Project("{9A19103F-16F7-4668-BE54-9A1E7A4F7556}") = "Ex009", "Exercicios\Ex009\Ex009.csproj", "{66D035A0-4F4E-4F9C-BD94-0B69C04384E9}"
EndProject
Project("{9A19103F-16F7-4668-BE54-9A1E7A4F7556}") = "Ex010", "Exercicios\Ex010\Ex010.csproj", "{7C183946-80FB-49C4-B7F4-376869E122CF}"
EndProject
Project("{9A19103F-16F7-4668-BE54-9A1E7A4F7556}") = "Ex011", "Exercicios\Ex011\Ex011.csproj", "{5E74EC79-408A-47FF-888B-C0B0F48F4172}"
EndProject
Project("{9A19103F-16F7-4668-BE54-9A1E7A4F7556}") = "Ex012", "Exercicios\Ex012\Ex012.csproj", "{C8ED6EA6-7462-49D1-8D77-EEC520168208}"
EndProject
Project("{9A19103F-16F7-4668-BE54-9A1E7A4F7556}") = "Ex013", "Exercicios\Ex013\Ex013.csproj", "{EDF91FEA-2557-43FB-9635-256712EAB4F4}"
EndProject
Project("{9A19103F-16F7-4668-BE54-9A1E7A4F7556}") = "Ex014", "Exercicios\Ex014\Ex014.csproj", "{5C6FB995-22B6-4326-BA78-B63EF4D07370}"
EndProject
Project("{9A19103F-16F7-4668-BE54-9A1E7A4F7556}") = "Ex015", "Exercicios\Ex015\Ex015.csproj", "{EB6FD1E5-7008-46C0-BBD1-0C489B5CB859}"
EndProject
Project("{9A19103F-16F7-4668-BE54-9A1E7A4F7556}") = "Ex016", "Exercicios\Ex016\Ex016.csproj", "{68517067-7B4B-4EEC-9D7C-12D6BFA1A107}"
EndProject
Project("{9A19103F-16F7-4668-BE54-9A1E7A4F7556}") = "Ex017", "Exercicios\Ex017\Ex017.csproj", "{83776A1E-D79D-4DDB-89EF-0E57A6533BFF}"
EndProject
Project("{9A19103F-16F7-4668-BE54-9A1E7A4F7556}") = "Ex018", "Exercicios\Ex018\Ex018.csproj", "{C16D81FD-6D0E-4DD8-8F34-3D578C383F24}"
EndProject
Project("{9A19103F-16F7-4668-BE54-9A1E7A4F7556}") = "Ex019", "Exercicios\Ex019\Ex019.csproj", "{761F6E41-F120-4E05-9995-7380F6C0F0B0}"
EndProject
Project("{9A19103F-16F7-4668-BE54-9A1E7A4F7556}") = "Ex020", "Exercicios\Ex020\Ex020.csproj", "{EA209651-5FB9-4BF0-9BCF-E30719C25B52}"
EndProject
Project("{9A19103F-16F7-4668-BE54-9A1E7A4F7556}") = "Ex021", "Exercicios\Ex021\Ex021.csproj", "{AB8E9956-70EF-4FE6-B375-E823B449CD4D}"
EndProject
Project("{9A19103F-16F7-4668-BE54-9A1E7A4F7556}") = "Ex022", "Exercicios\Ex022\Ex022.csproj", "{CFA757B6-2895-4A9D-834C-3B7157BE64E5}"
EndProject
Project("{9A19103F-16F7-4668-BE54-9A1E7A4F7556}") = "Ex023", "Exercicios\Ex023\Ex023.csproj", "{63CB7B56-40AF-4A4A-97A0-B3B3A04D6938}"
EndProject
Project("{9A19103F-16F7-4668-BE54-9A1E7A4F7556}") = "Ex024", "Exercicios\Ex024\Ex024.csproj", "{0E2FDB46-1068-4E07-B47F-AA2C1C015CE6}"
EndProject
Project("{9A19103F-16F7-4668-BE54-9A1E7A4F7556}") = "Ex025", "Exercicios\Ex025\Ex025.csproj", "{5FDABD3E-AED0-48FD-B3AB-F1FE30A2064F}"
EndProject
Project("{9A19103F-16F7-4668-BE54-9A1E7A4F7556}") = "Ex026", "Exercicios\Ex026\Ex026.csproj", "{E8315318-C34C-4D74-846B-453E6F771B77}"
EndProject
Project("{9A19103F-16F7-4668-BE54-9A1E7A4F7556}") = "Ex027", "Exercicios\Ex027\Ex027.csproj", "{F8ECAD52-07D2-44B7-8D29-3D8A8CAA5B86}"
EndProject
Project("{9A19103F-16F7-4668-BE54-9A1E7A4F7556}") = "Ex028", "Exercicios\Ex028\Ex028.csproj", "{17C2C948-F607-487D-A26C-703E682420C9}"
EndProject
Project("{9A19103F-16F7-4668-BE54-9A1E7A4F7556}") = "Ex029", "Exercicios\Ex029\Ex029.csproj", "{79F4C772-7D90-42D6-BC16-CA06281994B0}"
EndProject
Project("{9A19103F-16F7-4668-BE54-9A1E7A4F7556}") = "Ex030", "Exercicios\Ex030\Ex030.csproj", "{4310FF2E-2C72-4641-AFB6-6EB18CC54A7E}"
EndProject
Global
	GlobalSection(SolutionConfigurationPlatforms) = preSolution
		Debug|Any CPU = Debug|Any CPU
		Release|Any CPU = Release|Any CPU
	EndGlobalSection
	GlobalSection(ProjectConfigurationPlatforms) = postSolution
		{1E417739-1B45-4FC9-A6BF-E429EA75631A}.Debug|Any CPU.ActiveCfg = Debug|Any CPU
		{1E417739-1B45-4FC9-A6BF-E429EA75631A}.Debug|Any CPU.Build.0 = Debug|Any CPU
		{1E417739-1B45-4FC9-A6BF-E429EA75631A}.Release|Any CPU.ActiveCfg = Release|Any CPU
		{1E417739-1B45-4FC9-A6BF-E429EA75631A}.Release|Any CPU.Build.0 = Release|Any CPU
		{D14DFF7A-1DC8-445D-946E-3337DCD016BE}.Debug|Any CPU.ActiveCfg = Debug|Any CPU
		{D14DFF7A-1DC8-445D-946E-3337DCD016BE}.Debug|Any CPU.Build.0 = Debug|Any CPU
		{D14DFF7A-1DC8-445D-946E-3337DCD016BE}.Release|Any CPU.ActiveCfg = Release|Any CPU
		{D14DFF7A-1DC8-445D-946E-3337DCD016BE}.Release|Any CPU.Build.0 = Release|Any CPU
		{5C6BD053-1964-4845-8F28-9C9FE2DEA3AD}.Debug|Any CPU.ActiveCfg = Debug|Any CPU
		{5C6BD053-1964-4845-8F28-9C9FE2DEA3AD}.Debug|Any CPU.Build.0 = Debug|Any CPU
		{5C6BD053-1964-4845-8F28-9C9FE2DEA3AD}.Release|Any CPU.ActiveCfg = Release|Any CPU
		{5C6BD053-1964-4845-8F28-9C9FE2DEA3AD}.Release|Any CPU.Build.0 = Release|Any CPU
		{97D0A39E-EA3D-4F56-9637-84B8B46FEBF9}.Debug|Any CPU.ActiveCfg = Debug|Any CPU
		{97D0A39E-EA3D-4F56-9637-84B8B46FEBF9}.Debug|Any CPU.Build.0 = Debug|Any CPU
		{97D0A39E-EA3D-4F56-9637-84B8B46FEBF9}.Release|Any CPU.ActiveCfg = Release|Any CPU
		{97D0A39E-EA3D-4F56-9637-84B8B46FEBF9}.Release|Any CPU.Build.0 = Release|Any CPU
		{FEFE988E-44BE-47C6-8769-0C8F45ECD529}.Debug|Any CPU.ActiveCfg = Debug|Any CPU
		{FEFE988E-44BE-47C6-8769-0C8F45ECD529}.Debug|Any CPU.Build.0 = Debug|Any CPU
		{FEFE988E-44BE-47C6-8769-0C8F45ECD529}.Release|Any CPU.ActiveCfg = Release|Any CPU
		{FEFE988E-44BE-47C6-8769-0C8F45ECD529}.Release|Any CPU.Build.0 = Release|Any CPU
		{895F2B86-4599-4E1F-8425-511DBF53AEA6}.Debug|Any CPU.ActiveCfg = Debug|Any CPU
		{895F2B86-4599-4E1F-8425-511DBF53AEA6}.Debug|Any CPU.Build.0 = Debug|Any CPU
		{895F2B86-4599-4E1F-8425-511DBF53AEA6}.Release|Any CPU.ActiveCfg = Release|Any CPU
		{895F2B86-4599-4E1F-8425-511DBF53AEA6}.Release|Any CPU.Build.0 = Release|Any CPU
		{233BC822-533F-4B08-B861-27DB32F50A13}.Debug|Any CPU.ActiveCfg = Debug|Any CPU
		{233BC822-533F-4B08-B861-27DB32F50A13}.Debug|Any CPU.Build.0 = Debug|Any CPU
		{233BC822-533F-4B08-B861-27DB32F50A13}.Release|Any CPU.ActiveCfg = Release|Any CPU
		{233BC822-533F-4B08-B861-27DB32F50A13}.Release|Any CPU.Build.0 = Release|Any CPU
		{CFB9F154-5192-45E7-821B-6E8A584803DA}.Debug|Any CPU.ActiveCfg = Debug|Any CPU
		{CFB9F154-5192-45E7-821B-6E8A584803DA}.Debug|Any CPU.Build.0 = Debug|Any CPU
		{CFB9F154-5192-45E7-821B-6E8A584803DA}.Release|Any CPU.ActiveCfg = Release|Any CPU
		{CFB9F154-5192-45E7-821B-6E8A584803DA}.Release|Any CPU.Build.0 = Release|Any CPU
		{66218E4C-6295-4ADA-B8A7-81AA7E593777}.Debug|Any CPU.ActiveCfg = Debug|Any CPU
		{66218E4C-6295-4ADA-B8A7-81AA7E593777}.Debug|Any CPU.Build.0 = Debug|Any CPU
		{66218E4C-6295-4ADA-B8A7-81AA7E593777}.Release|Any CPU.ActiveCfg = Release|Any CPU
		{66218E4C-6295-4ADA-B8A7-81AA7E593777}.Release|Any CPU.Build.0 = Release|Any CPU
		{0BE334CB-D2F9-40A2-8ACF-5886D3DEB049}.Debug|Any CPU.ActiveCfg = Debug|Any CPU
		{0BE334CB-D2F9-40A2-8ACF-5886D3DEB049}.Debug|Any CPU.Build.0 = Debug|Any CPU
		{0BE334CB-D2F9-40A2-8ACF-5886D3DEB049}.Release|Any CPU.ActiveCfg = Release|Any CPU
		{0BE334CB-D2F9-40A2-8ACF-5886D3DEB049}.Release|Any CPU.Build.0 = Release|Any CPU
		{1079C161-ABA9-481C-B526-C8B7587E9584}.Debug|Any CPU.ActiveCfg = Debug|Any CPU
		{1079C161-ABA9-481C-B526-C8B7587E9584}.Debug|Any CPU.Build.0 = Debug|Any CPU
		{1079C161-ABA9-481C-B526-C8B7587E9584}.Release|Any CPU.ActiveCfg = Release|Any CPU
		{1079C161-ABA9-481C-B526-C8B7587E9584}.Release|Any CPU.Build.0 = Release|Any CPU
		{F431A745-47F8-4941-82E9-036171552D88}.Debug|Any CPU.ActiveCfg = Debug|Any CPU
		{F431A745-47F8-4941-82E9-036171552D88}.Debug|Any CPU.Build.0 = Debug|Any CPU
		{F431A745-47F8-4941-82E9-036171552D88}.Release|Any CPU.ActiveCfg = Release|Any CPU
		{F431A745-47F8-4941-82E9-036171552D88}.Release|Any CPU.Build.0 = Release|Any CPU
		{778AD07D-A318-4140-9039-CC8992C9B36C}.Debug|Any CPU.ActiveCfg = Debug|Any CPU
		{778AD07D-A318-4140-9039-CC8992C9B36C}.Debug|Any CPU.Build.0 = Debug|Any CPU
		{778AD07D-A318-4140-9039-CC8992C9B36C}.Release|Any CPU.ActiveCfg = Release|Any CPU
		{778AD07D-A318-4140-9039-CC8992C9B36C}.Release|Any CPU.Build.0 = Release|Any CPU
		{7BD61C83-1CEA-4133-96B3-18D50E16C9EE}.Debug|Any CPU.ActiveCfg = Debug|Any CPU
		{7BD61C83-1CEA-4133-96B3-18D50E16C9EE}.Debug|Any CPU.Build.0 = Debug|Any CPU
		{7BD61C83-1CEA-4133-96B3-18D50E16C9EE}.Release|Any CPU.ActiveCfg = Release|Any CPU
		{7BD61C83-1CEA-4133-96B3-18D50E16C9EE}.Release|Any CPU.Build.0 = Release|Any CPU
		{0623AADF-526F-4D04-81CB-28A965AF6753}.Debug|Any CPU.ActiveCfg = Debug|Any CPU
		{0623AADF-526F-4D04-81CB-28A965AF6753}.Debug|Any CPU.Build.0 = Debug|Any CPU
		{0623AADF-526F-4D04-81CB-28A965AF6753}.Release|Any CPU.ActiveCfg = Release|Any CPU
		{0623AADF-526F-4D04-81CB-28A965AF6753}.Release|Any CPU.Build.0 = Release|Any CPU
		{47F8FEF5-3ED9-445D-A45C-5FB7533DBD9C}.Debug|Any CPU.ActiveCfg = Debug|Any CPU
		{47F8FEF5-3ED9-445D-A45C-5FB7533DBD9C}.Debug|Any CPU.Build.0 = Debug|Any CPU
		{47F8FEF5-3ED9-445D-A45C-5FB7533DBD9C}.Release|Any CPU.ActiveCfg = Release|Any CPU
		{47F8FEF5-3ED9-445D-A45C-5FB7533DBD9C}.Release|Any CPU.Build.0 = Release|Any CPU
		{AEF0D28E-E973-450E-BAF7-B4BF02806C63}.Debug|Any CPU.ActiveCfg = Debug|Any CPU
		{AEF0D28E-E973-450E-BAF7-B4BF02806C63}.Debug|Any CPU.Build.0 = Debug|Any CPU
		{AEF0D28E-E973-450E-BAF7-B4BF02806C63}.Release|Any CPU.ActiveCfg = Release|Any CPU
		{AEF0D28E-E973-450E-BAF7-B4BF02806C63}.Release|Any CPU.Build.0 = Release|Any CPU
		{66D035A0-4F4E-4F9C-BD94-0B69C04384E9}.Debug|Any CPU.ActiveCfg = Debug|Any CPU
		{66D035A0-4F4E-4F9C-BD94-0B69C04384E9}.Debug|Any CPU.Build.0 = Debug|Any CPU
		{66D035A0-4F4E-4F9C-BD94-0B69C04384E9}.Release|Any CPU.ActiveCfg = Release|Any CPU
		{66D035A0-4F4E-4F9C-BD94-0B69C04384E9}.Release|Any CPU.Build.0 = Release|Any CPU
		{7C183946-80FB-49C4-B7F4-376869E122CF}.Debug|Any CPU.ActiveCfg = Debug|Any CPU
		{7C183946-80FB-49C4-B7F4-376869E122CF}.Debug|Any CPU.Build.0 = Debug|Any CPU
		{7C183946-80FB-49C4-B7F4-376869E122CF}.Release|Any CPU.ActiveCfg = Release|Any CPU
		{7C183946-80FB-49C4-B7F4-376869E122CF}.Release|Any CPU.Build.0 = Release|Any CPU
		{5E74EC79-408A-47FF-888B-C0B0F48F4172}.Debug|Any CPU.ActiveCfg = Debug|Any CPU
		{5E74EC79-408A-47FF-888B-C0B0F48F4172}.Debug|Any CPU.Build.0 = Debug|Any CPU
		{5E74EC79-408A-47FF-888B-C0B0F48F4172}.Release|Any CPU.ActiveCfg = Release|Any CPU
		{5E74EC79-408A-47FF-888B-C0B0F48F4172}.Release|Any CPU.Build.0 = Release|Any CPU
		{C8ED6EA6-7462-49D1-8D77-EEC520168208}.Debug|Any CPU.ActiveCfg = Debug|Any CPU
		{C8ED6EA6-7462-49D1-8D77-EEC520168208}.Debug|Any CPU.Build.0 = Debug|Any CPU
		{C8ED6EA6-7462-49D1-8D77-EEC520168208}.Release|Any CPU.ActiveCfg = Release|Any CPU
		{C8ED6EA6-7462-49D1-8D77-EEC520168208}.Release|Any CPU.Build.0 = Release|Any CPU
		{EDF91FEA-2557-43FB-9635-256712EAB4F4}.Debug|Any CPU.ActiveCfg = Debug|Any CPU
		{EDF91FEA-2557-43FB-9635-256712EAB4F4}.Debug|Any CPU.Build.0 = Debug|Any CPU
		{EDF91FEA-2557-43FB-9635-256712EAB4F4}.Release|Any CPU.ActiveCfg = Release|Any CPU
		{EDF91FEA-2557-43FB-9635-256712EAB4F4}.Release|Any CPU.Build.0 = Release|Any CPU
		{5C6FB995-22B6-4326-BA78-B63EF4D07370}.Debug|Any CPU.ActiveCfg = Debug|Any CPU
		{5C6FB995-22B6-4326-BA78-B63EF4D07370}.Debug|Any CPU.Build.0 = Debug|Any CPU
		{5C6FB995-22B6-4326-BA78-B63EF4D07370}.Release|Any CPU.ActiveCfg = Release|Any CPU
		{5C6FB995-22B6-4326-BA78-B63EF4D07370}.Release|Any CPU.Build.0 = Release|Any CPU
		{EB6FD1E5-7008-46C0-BBD1-0C489B5CB859}.Debug|Any CPU.ActiveCfg = Debug|Any CPU
		{EB6FD1E5-7008-46C0-BBD1-0C489B5CB859}.Debug|Any CPU.Build.0 = Debug|Any CPU
		{EB6FD1E5-7008-46C0-BBD1-0C489B5CB859}.Release|Any CPU.ActiveCfg = Release|Any CPU
		{EB6FD1E5-7008-46C0-BBD1-0C489B5CB859}.Release|Any CPU.Build.0 = Release|Any CPU
		{68517067-7B4B-4EEC-9D7C-12D6BFA1A107}.Debug|Any CPU.ActiveCfg = Debug|Any CPU
		{68517067-7B4B-4EEC-9D7C-12D6BFA1A107}.Debug|Any CPU.Build.0 = Debug|Any CPU
		{68517067-7B4B-4EEC-9D7C-12D6BFA1A107}.Release|Any CPU.ActiveCfg = Release|Any CPU
		{68517067-7B4B-4EEC-9D7C-12D6BFA1A107}.Release|Any CPU.Build.0 = Release|Any CPU
		{83776A1E-D79D-4DDB-89EF-0E57A6533BFF}.Debug|Any CPU.ActiveCfg = Debug|Any CPU
		{83776A1E-D79D-4DDB-89EF-0E57A6533BFF}.Debug|Any CPU.Build.0 = Debug|Any CPU
		{83776A1E-D79D-4DDB-89EF-0E57A6533BFF}.Release|Any CPU.ActiveCfg = Release|Any CPU
		{83776A1E-D79D-4DDB-89EF-0E57A6533BFF}.Release|Any CPU.Build.0 = Release|Any CPU
		{C16D81FD-6D0E-4DD8-8F34-3D578C383F24}.Debug|Any CPU.ActiveCfg = Debug|Any CPU
		{C16D81FD-6D0E-4DD8-8F34-3D578C383F24}.Debug|Any CPU.Build.0 = Debug|Any CPU
		{C16D81FD-6D0E-4DD8-8F34-3D578C383F24}.Release|Any CPU.ActiveCfg = Release|Any CPU
		{C16D81FD-6D0E-4DD8-8F34-3D578C383F24}.Release|Any CPU.Build.0 = Release|Any CPU
		{761F6E41-F120-4E05-9995-7380F6C0F0B0}.Debug|Any CPU.ActiveCfg = Debug|Any CPU
		{761F6E41-F120-4E05-9995-7380F6C0F0B0}.Debug|Any CPU.Build.0 = Debug|Any CPU
		{761F6E41-F120-4E05-9995-7380F6C0F0B0}.Release|Any CPU.ActiveCfg = Release|Any CPU
		{761F6E41-F120-4E05-9995-7380F6C0F0B0}.Release|Any CPU.Build.0 = Release|Any CPU
		{EA209651-5FB9-4BF0-9BCF-E30719C25B52}.Debug|Any CPU.ActiveCfg = Debug|Any CPU
		{EA209651-5FB9-4BF0-9BCF-E30719C25B52}.Debug|Any CPU.Build.0 = Debug|Any CPU
		{EA209651-5FB9-4BF0-9BCF-E30719C25B52}.Release|Any CPU.ActiveCfg = Release|Any CPU
		{EA209651-5FB9-4BF0-9BCF-E30719C25B52}.Release|Any CPU.Build.0 = Release|Any CPU
		{AB8E9956-70EF-4FE6-B375-E823B449CD4D}.Debug|Any CPU.ActiveCfg = Debug|Any CPU
		{AB8E9956-70EF-4FE6-B375-E823B449CD4D}.Debug|Any CPU.Build.0 = Debug|Any CPU
		{AB8E9956-70EF-4FE6-B375-E823B449CD4D}.Release|Any CPU.ActiveCfg = Release|Any CPU
		{AB8E9956-70EF-4FE6-B375-E823B449CD4D}.Release|Any CPU.Build.0 = Release|Any CPU
		{CFA757B6-2895-4A9D-834C-3B7157BE64E5}.Debug|Any CPU.ActiveCfg = Debug|Any CPU
		{CFA757B6-2895-4A9D-834C-3B7157BE64E5}.Debug|Any CPU.Build.0 = Debug|Any CPU
		{CFA757B6-2895-4A9D-834C-3B7157BE64E5}.Release|Any CPU.ActiveCfg = Release|Any CPU
		{CFA757B6-2895-4A9D-834C-3B7157BE64E5}.Release|Any CPU.Build.0 = Release|Any CPU
		{63CB7B56-40AF-4A4A-97A0-B3B3A04D6938}.Debug|Any CPU.ActiveCfg = Debug|Any CPU
		{63CB7B56-40AF-4A4A-97A0-B3B3A04D6938}.Debug|Any CPU.Build.0 = Debug|Any CPU
		{63CB7B56-40AF-4A4A-97A0-B3B3A04D6938}.Release|Any CPU.ActiveCfg = Release|Any CPU
		{63CB7B56-40AF-4A4A-97A0-B3B3A04D6938}.Release|Any CPU.Build.0 = Release|Any CPU
		{0E2FDB46-1068-4E07-B47F-AA2C1C015CE6}.Debug|Any CPU.ActiveCfg = Debug|Any CPU
		{0E2FDB46-1068-4E07-B47F-AA2C1C015CE6}.Debug|Any CPU.Build.0 = Debug|Any CPU
		{0E2FDB46-1068-4E07-B47F-AA2C1C015CE6}.Release|Any CPU.ActiveCfg = Release|Any CPU
		{0E2FDB46-1068-4E07-B47F-AA2C1C015CE6}.Release|Any CPU.Build.0 = Release|Any CPU
		{5FDABD3E-AED0-48FD-B3AB-F1FE30A2064F}.Debug|Any CPU.ActiveCfg = Debug|Any CPU
		{5FDABD3E-AED0-48FD-B3AB-F1FE30A2064F}.Debug|Any CPU.Build.0 = Debug|Any CPU
		{5FDABD3E-AED0-48FD-B3AB-F1FE30A2064F}.Release|Any CPU.ActiveCfg = Release|Any CPU
		{5FDABD3E-AED0-48FD-B3AB-F1FE30A2064F}.Release|Any CPU.Build.0 = Release|Any CPU
		{E8315318-C34C-4D74-846B-453E6F771B77}.Debug|Any CPU.ActiveCfg = Debug|Any CPU
		{E8315318-C34C-4D74-846B-453E6F771B77}.Debug|Any CPU.Build.0 = Debug|Any CPU
		{E8315318-C34C-4D74-846B-453E6F771B77}.Release|Any CPU.ActiveCfg = Release|Any CPU
		{E8315318-C34C-4D74-846B-453E6F771B77}.Release|Any CPU.Build.0 = Release|Any CPU
		{F8ECAD52-07D2-44B7-8D29-3D8A8CAA5B86}.Debug|Any CPU.ActiveCfg = Debug|Any CPU
		{F8ECAD52-07D2-44B7-8D29-3D8A8CAA5B86}.Debug|Any CPU.Build.0 = Debug|Any CPU
		{F8ECAD52-07D2-44B7-8D29-3D8A8CAA5B86}.Release|Any CPU.ActiveCfg = Release|Any CPU
		{F8ECAD52-07D2-44B7-8D29-3D8A8CAA5B86}.Release|Any CPU.Build.0 = Release|Any CPU
		{17C2C948-F607-487D-A26C-703E682420C9}.Debug|Any CPU.ActiveCfg = Debug|Any CPU
		{17C2C948-F607-487D-A26C-703E682420C9}.Debug|Any CPU.Build.0 = Debug|Any CPU
		{17C2C948-F607-487D-A26C-703E682420C9}.Release|Any CPU.ActiveCfg = Release|Any CPU
		{17C2C948-F607-487D-A26C-703E682420C9}.Release|Any CPU.Build.0 = Release|Any CPU
		{79F4C772-7D90-42D6-BC16-CA06281994B0}.Debug|Any CPU.ActiveCfg = Debug|Any CPU
		{79F4C772-7D90-42D6-BC16-CA06281994B0}.Debug|Any CPU.Build.0 = Debug|Any CPU
		{79F4C772-7D90-42D6-BC16-CA06281994B0}.Release|Any CPU.ActiveCfg = Release|Any CPU
		{79F4C772-7D90-42D6-BC16-CA06281994B0}.Release|Any CPU.Build.0 = Release|Any CPU
		{4310FF2E-2C72-4641-AFB6-6EB18CC54A7E}.Debug|Any CPU.ActiveCfg = Debug|Any CPU
		{4310FF2E-2C72-4641-AFB6-6EB18CC54A7E}.Debug|Any CPU.Build.0 = Debug|Any CPU
		{4310FF2E-2C72-4641-AFB6-6EB18CC54A7E}.Release|Any CPU.ActiveCfg = Release|Any CPU
		{4310FF2E-2C72-4641-AFB6-6EB18CC54A7E}.Release|Any CPU.Build.0 = Release|Any CPU
	EndGlobalSection
	GlobalSection(SolutionProperties) = preSolution
		HideSolutionNode = FALSE
	EndGlobalSection
	GlobalSection(NestedProjects) = preSolution
		{0BE334CB-D2F9-40A2-8ACF-5886D3DEB049} = {F1BCCAA9-6BC9-40D3-B526-7E464632D080}
		{1079C161-ABA9-481C-B526-C8B7587E9584} = {F1BCCAA9-6BC9-40D3-B526-7E464632D080}
		{F431A745-47F8-4941-82E9-036171552D88} = {F1BCCAA9-6BC9-40D3-B526-7E464632D080}
		{778AD07D-A318-4140-9039-CC8992C9B36C} = {F1BCCAA9-6BC9-40D3-B526-7E464632D080}
		{7BD61C83-1CEA-4133-96B3-18D50E16C9EE} = {F1BCCAA9-6BC9-40D3-B526-7E464632D080}
		{0623AADF-526F-4D04-81CB-28A965AF6753} = {F1BCCAA9-6BC9-40D3-B526-7E464632D080}
		{47F8FEF5-3ED9-445D-A45C-5FB7533DBD9C} = {F1BCCAA9-6BC9-40D3-B526-7E464632D080}
		{AEF0D28E-E973-450E-BAF7-B4BF02806C63} = {F1BCCAA9-6BC9-40D3-B526-7E464632D080}
		{66D035A0-4F4E-4F9C-BD94-0B69C04384E9} = {F1BCCAA9-6BC9-40D3-B526-7E464632D080}
		{7C183946-80FB-49C4-B7F4-376869E122CF} = {F1BCCAA9-6BC9-40D3-B526-7E464632D080}
		{5E74EC79-408A-47FF-888B-C0B0F48F4172} = {F1BCCAA9-6BC9-40D3-B526-7E464632D080}
		{C8ED6EA6-7462-49D1-8D77-EEC520168208} = {F1BCCAA9-6BC9-40D3-B526-7E464632D080}
		{EDF91FEA-2557-43FB-9635-256712EAB4F4} = {F1BCCAA9-6BC9-40D3-B526-7E464632D080}
		{5C6FB995-22B6-4326-BA78-B63EF4D07370} = {F1BCCAA9-6BC9-40D3-B526-7E464632D080}
		{EB6FD1E5-7008-46C0-BBD1-0C489B5CB859} = {F1BCCAA9-6BC9-40D3-B526-7E464632D080}
		{68517067-7B4B-4EEC-9D7C-12D6BFA1A107} = {F1BCCAA9-6BC9-40D3-B526-7E464632D080}
		{83776A1E-D79D-4DDB-89EF-0E57A6533BFF} = {F1BCCAA9-6BC9-40D3-B526-7E464632D080}
		{C16D81FD-6D0E-4DD8-8F34-3D578C383F24} = {F1BCCAA9-6BC9-40D3-B526-7E464632D080}
		{761F6E41-F120-4E05-9995-7380F6C0F0B0} = {F1BCCAA9-6BC9-40D3-B526-7E464632D080}
		{EA209651-5FB9-4BF0-9BCF-E30719C25B52} = {F1BCCAA9-6BC9-40D3-B526-7E464632D080}
		{AB8E9956-70EF-4FE6-B375-E823B449CD4D} = {F1BCCAA9-6BC9-40D3-B526-7E464632D080}
		{CFA757B6-2895-4A9D-834C-3B7157BE64E5} = {F1BCCAA9-6BC9-40D3-B526-7E464632D080}
		{63CB7B56-40AF-4A4A-97A0-B3B3A04D6938} = {F1BCCAA9-6BC9-40D3-B526-7E464632D080}
		{0E2FDB46-1068-4E07-B47F-AA2C1C015CE6} = {F1BCCAA9-6BC9-40D3-B526-7E464632D080}
		{5FDABD3E-AED0-48FD-B3AB-F1FE30A2064F} = {F1BCCAA9-6BC9-40D3-B526-7E464632D080}
		{E8315318-C34C-4D74-846B-453E6F771B77} = {F1BCCAA9-6BC9-40D3-B526-7E464632D080}
		{F8ECAD52-07D2-44B7-8D29-3D8A8CAA5B86} = {F1BCCAA9-6BC9-40D3-B526-7E464632D080}
		{17C2C948-F607-487D-A26C-703E682420C9} = {F1BCCAA9-6BC9-40D3-B526-7E464632D080}
		{79F4C772-7D90-42D6-BC16-CA06281994B0} = {F1BCCAA9-6BC9-40D3-B526-7E464632D080}
		{4310FF2E-2C72-4641-AFB6-6EB18CC54A7E} = {F1BCCAA9-6BC9-40D3-B526-7E464632D080}
	EndGlobalSection
	GlobalSection(ExtensibilityGlobals) = postSolution
		SolutionGuid = {6E836ACD-E295-41D0-9C83-5CC6CEE57492}
	EndGlobalSection
EndGlobal
