
Microsoft Visual Studio Solution File, Format Version 12.00
# Visual Studio Version 17
VisualStudioVersion = 17.5.002.0
MinimumVisualStudioVersion = 10.0.40219.1
Project("{9A19103F-16F7-4668-BE54-9A1E7A4F7556}") = "abstracao", "abstracao\abstracao.csproj", "{24D7D34D-55E4-4F3C-B5BE-19C805C6A923}"
EndProject
Project("{9A19103F-16F7-4668-BE54-9A1E7A4F7556}") = "construtores", "construtores\construtores.csproj", "{B3E75262-0861-4C9D-826F-A57BE2EB65EB}"
EndProject
Project("{9A19103F-16F7-4668-BE54-9A1E7A4F7556}") = "foreach", "foreach\foreach.csproj", "{A633F7E4-0F29-4770-AFFD-EB683405093F}"
EndProject
Project("{9A19103F-16F7-4668-BE54-9A1E7A4F7556}") = "get_set", "get_set\get_set.csproj", "{FA8C3202-B995-4A67-BFC6-4F62A354CC12}"
EndProject
Project("{9A19103F-16F7-4668-BE54-9A1E7A4F7556}") = "polimorfismo", "polimorfismo\polimorfismo.csproj", "{DE846D36-CFF5-47A7-823B-4A6CC7C84D1A}"
EndProject
Project("{9A19103F-16F7-4668-BE54-9A1E7A4F7556}") = "this", "this\this.csproj", "{4589D287-AADE-40C7-8348-F22997FF5BAB}"
EndProject
Project("{2150E333-8FDC-42A3-9474-1A3956D46DE8}") = "Exercicios", "Exercicios", "{BC631E1B-8867-471D-82EE-99508BF3B76C}"
EndProject
Project("{9A19103F-16F7-4668-BE54-9A1E7A4F7556}") = "Ex001", "Exercicios\Ex001\Ex001.csproj", "{88D9DF82-4F9B-4596-8AE0-CFF30CA6ED3E}"
EndProject
Project("{9A19103F-16F7-4668-BE54-9A1E7A4F7556}") = "Ex002", "Exercicios\Ex002\Ex002.csproj", "{0B961CE4-5E2B-4244-8E3D-2F96BAA5BE6B}"
EndProject
Project("{9A19103F-16F7-4668-BE54-9A1E7A4F7556}") = "Ex003", "Exercicios\Ex003\Ex003.csproj", "{9575EAEC-6575-48D5-8D7C-13C0E5AE167C}"
EndProject
Project("{9A19103F-16F7-4668-BE54-9A1E7A4F7556}") = "Ex004", "Exercicios\Ex004\Ex004.csproj", "{39827CBA-8D84-487B-B7DC-0D9776E5A27B}"
EndProject
Project("{9A19103F-16F7-4668-BE54-9A1E7A4F7556}") = "Ex005", "Exercicios\Ex005\Ex005.csproj", "{DA5A107E-0E60-47E8-B8BA-E833D55C1018}"
EndProject
Project("{9A19103F-16F7-4668-BE54-9A1E7A4F7556}") = "Ex006", "Exercicios\Ex006\Ex006.csproj", "{BEE417E9-A8D5-4A22-9631-596E19C46859}"
EndProject
Project("{9A19103F-16F7-4668-BE54-9A1E7A4F7556}") = "Ex007", "Exercicios\Ex007\Ex007.csproj", "{91BD7027-9A47-4001-8206-D058A26DDFBB}"
EndProject
Project("{9A19103F-16F7-4668-BE54-9A1E7A4F7556}") = "Ex008", "Exercicios\Ex008\Ex008.csproj", "{09528CD2-48CA-4ED0-8FB5-A437F0861683}"
EndProject
Project("{9A19103F-16F7-4668-BE54-9A1E7A4F7556}") = "Ex009", "Exercicios\Ex009\Ex009.csproj", "{0F86EDB2-DBE6-43C0-9FC7-332A49B4F3C9}"
EndProject
Project("{9A19103F-16F7-4668-BE54-9A1E7A4F7556}") = "Ex010", "Exercicios\Ex010\Ex010.csproj", "{21DDC0B9-5472-4B03-8C45-675187ED0264}"
EndProject
Project("{9A19103F-16F7-4668-BE54-9A1E7A4F7556}") = "Ex011", "Exercicios\Ex011\Ex011.csproj", "{5263796F-E3F8-4CD1-B93F-78018309DB61}"
EndProject
Project("{9A19103F-16F7-4668-BE54-9A1E7A4F7556}") = "Ex012", "Exercicios\Ex012\Ex012.csproj", "{6A7DC293-FE94-4088-B201-AA48D9D08B22}"
EndProject
Project("{9A19103F-16F7-4668-BE54-9A1E7A4F7556}") = "Ex013", "Exercicios\Ex013\Ex013.csproj", "{01EFE58B-C419-4AA3-B02A-142939A75813}"
EndProject
Project("{9A19103F-16F7-4668-BE54-9A1E7A4F7556}") = "Ex014", "Exercicios\Ex014\Ex014.csproj", "{0CF741BF-0BB1-452D-B20A-7866D6B497B1}"
EndProject
Project("{9A19103F-16F7-4668-BE54-9A1E7A4F7556}") = "Ex015", "Exercicios\Ex015\Ex015.csproj", "{F5E070DD-E5EB-4119-AB9F-6366AE065787}"
EndProject
Project("{9A19103F-16F7-4668-BE54-9A1E7A4F7556}") = "Ex016", "Exercicios\Ex016\Ex016.csproj", "{2DE27269-456D-4C5A-BD6B-8048C4DE0074}"
EndProject
Project("{9A19103F-16F7-4668-BE54-9A1E7A4F7556}") = "Ex017", "Exercicios\Ex017\Ex017.csproj", "{C0AC798C-977D-4517-8736-9556A04C7C97}"
EndProject
Project("{9A19103F-16F7-4668-BE54-9A1E7A4F7556}") = "Ex018", "Exercicios\Ex018\Ex018.csproj", "{1C913067-F88F-417E-974A-B351E153B28E}"
EndProject
Project("{9A19103F-16F7-4668-BE54-9A1E7A4F7556}") = "Ex019", "Exercicios\Ex019\Ex019.csproj", "{37AAC93A-5533-4719-A47C-031ABA94865A}"
EndProject
Project("{9A19103F-16F7-4668-BE54-9A1E7A4F7556}") = "Ex020", "Exercicios\Ex020\Ex020.csproj", "{C33AB22F-D24B-49A9-8AB6-D903FE5C99FC}"
EndProject
Project("{9A19103F-16F7-4668-BE54-9A1E7A4F7556}") = "Ex021", "Exercicios\Ex021\Ex021.csproj", "{3BBDD636-45CE-49A1-8CAA-B30D6A892D0C}"
EndProject
Project("{9A19103F-16F7-4668-BE54-9A1E7A4F7556}") = "Ex022", "Exercicios\Ex022\Ex022.csproj", "{F4DC0939-EFA7-4D9B-B987-ED8C40BD82E6}"
EndProject
Project("{9A19103F-16F7-4668-BE54-9A1E7A4F7556}") = "Ex023", "Exercicios\Ex023\Ex023.csproj", "{E16D2602-41B1-4902-A082-8CCD0743F60F}"
EndProject
Project("{9A19103F-16F7-4668-BE54-9A1E7A4F7556}") = "Ex024", "Exercicios\Ex024\Ex024.csproj", "{4BE3DAB0-BD22-410F-8F14-972BC6BE2867}"
EndProject
Project("{9A19103F-16F7-4668-BE54-9A1E7A4F7556}") = "Ex025", "Exercicios\Ex025\Ex025.csproj", "{D4B10946-29F2-4D91-BCEE-AAA402A38FE5}"
EndProject
Project("{9A19103F-16F7-4668-BE54-9A1E7A4F7556}") = "Ex026", "Exercicios\Ex026\Ex026.csproj", "{C360EA5B-F942-46B2-8979-52DA054CAAC6}"
EndProject
Project("{9A19103F-16F7-4668-BE54-9A1E7A4F7556}") = "Ex027", "Exercicios\Ex027\Ex027.csproj", "{D13E170D-9470-49BD-8C57-716688A12D9B}"
EndProject
Project("{9A19103F-16F7-4668-BE54-9A1E7A4F7556}") = "Ex028", "Exercicios\Ex028\Ex028.csproj", "{1694B320-03C1-4025-9197-CB9336A213DF}"
EndProject
Project("{9A19103F-16F7-4668-BE54-9A1E7A4F7556}") = "Ex029", "Exercicios\Ex029\Ex029.csproj", "{1930B1A3-EA04-47E1-B57E-A0696EC080DA}"
EndProject
Project("{9A19103F-16F7-4668-BE54-9A1E7A4F7556}") = "Ex030", "Exercicios\Ex030\Ex030.csproj", "{EC660B0F-9D21-45C9-839B-C37AECD1F1EB}"
EndProject
Global
	GlobalSection(SolutionConfigurationPlatforms) = preSolution
		Debug|Any CPU = Debug|Any CPU
		Release|Any CPU = Release|Any CPU
	EndGlobalSection
	GlobalSection(ProjectConfigurationPlatforms) = postSolution
		{24D7D34D-55E4-4F3C-B5BE-19C805C6A923}.Debug|Any CPU.ActiveCfg = Debug|Any CPU
		{24D7D34D-55E4-4F3C-B5BE-19C805C6A923}.Debug|Any CPU.Build.0 = Debug|Any CPU
		{24D7D34D-55E4-4F3C-B5BE-19C805C6A923}.Release|Any CPU.ActiveCfg = Release|Any CPU
		{24D7D34D-55E4-4F3C-B5BE-19C805C6A923}.Release|Any CPU.Build.0 = Release|Any CPU
		{B3E75262-0861-4C9D-826F-A57BE2EB65EB}.Debug|Any CPU.ActiveCfg = Debug|Any CPU
		{B3E75262-0861-4C9D-826F-A57BE2EB65EB}.Debug|Any CPU.Build.0 = Debug|Any CPU
		{B3E75262-0861-4C9D-826F-A57BE2EB65EB}.Release|Any CPU.ActiveCfg = Release|Any CPU
		{B3E75262-0861-4C9D-826F-A57BE2EB65EB}.Release|Any CPU.Build.0 = Release|Any CPU
		{A633F7E4-0F29-4770-AFFD-EB683405093F}.Debug|Any CPU.ActiveCfg = Debug|Any CPU
		{A633F7E4-0F29-4770-AFFD-EB683405093F}.Debug|Any CPU.Build.0 = Debug|Any CPU
		{A633F7E4-0F29-4770-AFFD-EB683405093F}.Release|Any CPU.ActiveCfg = Release|Any CPU
		{A633F7E4-0F29-4770-AFFD-EB683405093F}.Release|Any CPU.Build.0 = Release|Any CPU
		{FA8C3202-B995-4A67-BFC6-4F62A354CC12}.Debug|Any CPU.ActiveCfg = Debug|Any CPU
		{FA8C3202-B995-4A67-BFC6-4F62A354CC12}.Debug|Any CPU.Build.0 = Debug|Any CPU
		{FA8C3202-B995-4A67-BFC6-4F62A354CC12}.Release|Any CPU.ActiveCfg = Release|Any CPU
		{FA8C3202-B995-4A67-BFC6-4F62A354CC12}.Release|Any CPU.Build.0 = Release|Any CPU
		{DE846D36-CFF5-47A7-823B-4A6CC7C84D1A}.Debug|Any CPU.ActiveCfg = Debug|Any CPU
		{DE846D36-CFF5-47A7-823B-4A6CC7C84D1A}.Debug|Any CPU.Build.0 = Debug|Any CPU
		{DE846D36-CFF5-47A7-823B-4A6CC7C84D1A}.Release|Any CPU.ActiveCfg = Release|Any CPU
		{DE846D36-CFF5-47A7-823B-4A6CC7C84D1A}.Release|Any CPU.Build.0 = Release|Any CPU
		{4589D287-AADE-40C7-8348-F22997FF5BAB}.Debug|Any CPU.ActiveCfg = Debug|Any CPU
		{4589D287-AADE-40C7-8348-F22997FF5BAB}.Debug|Any CPU.Build.0 = Debug|Any CPU
		{4589D287-AADE-40C7-8348-F22997FF5BAB}.Release|Any CPU.ActiveCfg = Release|Any CPU
		{4589D287-AADE-40C7-8348-F22997FF5BAB}.Release|Any CPU.Build.0 = Release|Any CPU
		{88D9DF82-4F9B-4596-8AE0-CFF30CA6ED3E}.Debug|Any CPU.ActiveCfg = Debug|Any CPU
		{88D9DF82-4F9B-4596-8AE0-CFF30CA6ED3E}.Debug|Any CPU.Build.0 = Debug|Any CPU
		{88D9DF82-4F9B-4596-8AE0-CFF30CA6ED3E}.Release|Any CPU.ActiveCfg = Release|Any CPU
		{88D9DF82-4F9B-4596-8AE0-CFF30CA6ED3E}.Release|Any CPU.Build.0 = Release|Any CPU
		{0B961CE4-5E2B-4244-8E3D-2F96BAA5BE6B}.Debug|Any CPU.ActiveCfg = Debug|Any CPU
		{0B961CE4-5E2B-4244-8E3D-2F96BAA5BE6B}.Debug|Any CPU.Build.0 = Debug|Any CPU
		{0B961CE4-5E2B-4244-8E3D-2F96BAA5BE6B}.Release|Any CPU.ActiveCfg = Release|Any CPU
		{0B961CE4-5E2B-4244-8E3D-2F96BAA5BE6B}.Release|Any CPU.Build.0 = Release|Any CPU
		{9575EAEC-6575-48D5-8D7C-13C0E5AE167C}.Debug|Any CPU.ActiveCfg = Debug|Any CPU
		{9575EAEC-6575-48D5-8D7C-13C0E5AE167C}.Debug|Any CPU.Build.0 = Debug|Any CPU
		{9575EAEC-6575-48D5-8D7C-13C0E5AE167C}.Release|Any CPU.ActiveCfg = Release|Any CPU
		{9575EAEC-6575-48D5-8D7C-13C0E5AE167C}.Release|Any CPU.Build.0 = Release|Any CPU
		{39827CBA-8D84-487B-B7DC-0D9776E5A27B}.Debug|Any CPU.ActiveCfg = Debug|Any CPU
		{39827CBA-8D84-487B-B7DC-0D9776E5A27B}.Debug|Any CPU.Build.0 = Debug|Any CPU
		{39827CBA-8D84-487B-B7DC-0D9776E5A27B}.Release|Any CPU.ActiveCfg = Release|Any CPU
		{39827CBA-8D84-487B-B7DC-0D9776E5A27B}.Release|Any CPU.Build.0 = Release|Any CPU
		{DA5A107E-0E60-47E8-B8BA-E833D55C1018}.Debug|Any CPU.ActiveCfg = Debug|Any CPU
		{DA5A107E-0E60-47E8-B8BA-E833D55C1018}.Debug|Any CPU.Build.0 = Debug|Any CPU
		{DA5A107E-0E60-47E8-B8BA-E833D55C1018}.Release|Any CPU.ActiveCfg = Release|Any CPU
		{DA5A107E-0E60-47E8-B8BA-E833D55C1018}.Release|Any CPU.Build.0 = Release|Any CPU
		{BEE417E9-A8D5-4A22-9631-596E19C46859}.Debug|Any CPU.ActiveCfg = Debug|Any CPU
		{BEE417E9-A8D5-4A22-9631-596E19C46859}.Debug|Any CPU.Build.0 = Debug|Any CPU
		{BEE417E9-A8D5-4A22-9631-596E19C46859}.Release|Any CPU.ActiveCfg = Release|Any CPU
		{BEE417E9-A8D5-4A22-9631-596E19C46859}.Release|Any CPU.Build.0 = Release|Any CPU
		{91BD7027-9A47-4001-8206-D058A26DDFBB}.Debug|Any CPU.ActiveCfg = Debug|Any CPU
		{91BD7027-9A47-4001-8206-D058A26DDFBB}.Debug|Any CPU.Build.0 = Debug|Any CPU
		{91BD7027-9A47-4001-8206-D058A26DDFBB}.Release|Any CPU.ActiveCfg = Release|Any CPU
		{91BD7027-9A47-4001-8206-D058A26DDFBB}.Release|Any CPU.Build.0 = Release|Any CPU
		{09528CD2-48CA-4ED0-8FB5-A437F0861683}.Debug|Any CPU.ActiveCfg = Debug|Any CPU
		{09528CD2-48CA-4ED0-8FB5-A437F0861683}.Debug|Any CPU.Build.0 = Debug|Any CPU
		{09528CD2-48CA-4ED0-8FB5-A437F0861683}.Release|Any CPU.ActiveCfg = Release|Any CPU
		{09528CD2-48CA-4ED0-8FB5-A437F0861683}.Release|Any CPU.Build.0 = Release|Any CPU
		{0F86EDB2-DBE6-43C0-9FC7-332A49B4F3C9}.Debug|Any CPU.ActiveCfg = Debug|Any CPU
		{0F86EDB2-DBE6-43C0-9FC7-332A49B4F3C9}.Debug|Any CPU.Build.0 = Debug|Any CPU
		{0F86EDB2-DBE6-43C0-9FC7-332A49B4F3C9}.Release|Any CPU.ActiveCfg = Release|Any CPU
		{0F86EDB2-DBE6-43C0-9FC7-332A49B4F3C9}.Release|Any CPU.Build.0 = Release|Any CPU
		{21DDC0B9-5472-4B03-8C45-675187ED0264}.Debug|Any CPU.ActiveCfg = Debug|Any CPU
		{21DDC0B9-5472-4B03-8C45-675187ED0264}.Debug|Any CPU.Build.0 = Debug|Any CPU
		{21DDC0B9-5472-4B03-8C45-675187ED0264}.Release|Any CPU.ActiveCfg = Release|Any CPU
		{21DDC0B9-5472-4B03-8C45-675187ED0264}.Release|Any CPU.Build.0 = Release|Any CPU
		{5263796F-E3F8-4CD1-B93F-78018309DB61}.Debug|Any CPU.ActiveCfg = Debug|Any CPU
		{5263796F-E3F8-4CD1-B93F-78018309DB61}.Debug|Any CPU.Build.0 = Debug|Any CPU
		{5263796F-E3F8-4CD1-B93F-78018309DB61}.Release|Any CPU.ActiveCfg = Release|Any CPU
		{5263796F-E3F8-4CD1-B93F-78018309DB61}.Release|Any CPU.Build.0 = Release|Any CPU
		{6A7DC293-FE94-4088-B201-AA48D9D08B22}.Debug|Any CPU.ActiveCfg = Debug|Any CPU
		{6A7DC293-FE94-4088-B201-AA48D9D08B22}.Debug|Any CPU.Build.0 = Debug|Any CPU
		{6A7DC293-FE94-4088-B201-AA48D9D08B22}.Release|Any CPU.ActiveCfg = Release|Any CPU
		{6A7DC293-FE94-4088-B201-AA48D9D08B22}.Release|Any CPU.Build.0 = Release|Any CPU
		{01EFE58B-C419-4AA3-B02A-142939A75813}.Debug|Any CPU.ActiveCfg = Debug|Any CPU
		{01EFE58B-C419-4AA3-B02A-142939A75813}.Debug|Any CPU.Build.0 = Debug|Any CPU
		{01EFE58B-C419-4AA3-B02A-142939A75813}.Release|Any CPU.ActiveCfg = Release|Any CPU
		{01EFE58B-C419-4AA3-B02A-142939A75813}.Release|Any CPU.Build.0 = Release|Any CPU
		{0CF741BF-0BB1-452D-B20A-7866D6B497B1}.Debug|Any CPU.ActiveCfg = Debug|Any CPU
		{0CF741BF-0BB1-452D-B20A-7866D6B497B1}.Debug|Any CPU.Build.0 = Debug|Any CPU
		{0CF741BF-0BB1-452D-B20A-7866D6B497B1}.Release|Any CPU.ActiveCfg = Release|Any CPU
		{0CF741BF-0BB1-452D-B20A-7866D6B497B1}.Release|Any CPU.Build.0 = Release|Any CPU
		{F5E070DD-E5EB-4119-AB9F-6366AE065787}.Debug|Any CPU.ActiveCfg = Debug|Any CPU
		{F5E070DD-E5EB-4119-AB9F-6366AE065787}.Debug|Any CPU.Build.0 = Debug|Any CPU
		{F5E070DD-E5EB-4119-AB9F-6366AE065787}.Release|Any CPU.ActiveCfg = Release|Any CPU
		{F5E070DD-E5EB-4119-AB9F-6366AE065787}.Release|Any CPU.Build.0 = Release|Any CPU
		{2DE27269-456D-4C5A-BD6B-8048C4DE0074}.Debug|Any CPU.ActiveCfg = Debug|Any CPU
		{2DE27269-456D-4C5A-BD6B-8048C4DE0074}.Debug|Any CPU.Build.0 = Debug|Any CPU
		{2DE27269-456D-4C5A-BD6B-8048C4DE0074}.Release|Any CPU.ActiveCfg = Release|Any CPU
		{2DE27269-456D-4C5A-BD6B-8048C4DE0074}.Release|Any CPU.Build.0 = Release|Any CPU
		{C0AC798C-977D-4517-8736-9556A04C7C97}.Debug|Any CPU.ActiveCfg = Debug|Any CPU
		{C0AC798C-977D-4517-8736-9556A04C7C97}.Debug|Any CPU.Build.0 = Debug|Any CPU
		{C0AC798C-977D-4517-8736-9556A04C7C97}.Release|Any CPU.ActiveCfg = Release|Any CPU
		{C0AC798C-977D-4517-8736-9556A04C7C97}.Release|Any CPU.Build.0 = Release|Any CPU
		{1C913067-F88F-417E-974A-B351E153B28E}.Debug|Any CPU.ActiveCfg = Debug|Any CPU
		{1C913067-F88F-417E-974A-B351E153B28E}.Debug|Any CPU.Build.0 = Debug|Any CPU
		{1C913067-F88F-417E-974A-B351E153B28E}.Release|Any CPU.ActiveCfg = Release|Any CPU
		{1C913067-F88F-417E-974A-B351E153B28E}.Release|Any CPU.Build.0 = Release|Any CPU
		{37AAC93A-5533-4719-A47C-031ABA94865A}.Debug|Any CPU.ActiveCfg = Debug|Any CPU
		{37AAC93A-5533-4719-A47C-031ABA94865A}.Debug|Any CPU.Build.0 = Debug|Any CPU
		{37AAC93A-5533-4719-A47C-031ABA94865A}.Release|Any CPU.ActiveCfg = Release|Any CPU
		{37AAC93A-5533-4719-A47C-031ABA94865A}.Release|Any CPU.Build.0 = Release|Any CPU
		{C33AB22F-D24B-49A9-8AB6-D903FE5C99FC}.Debug|Any CPU.ActiveCfg = Debug|Any CPU
		{C33AB22F-D24B-49A9-8AB6-D903FE5C99FC}.Debug|Any CPU.Build.0 = Debug|Any CPU
		{C33AB22F-D24B-49A9-8AB6-D903FE5C99FC}.Release|Any CPU.ActiveCfg = Release|Any CPU
		{C33AB22F-D24B-49A9-8AB6-D903FE5C99FC}.Release|Any CPU.Build.0 = Release|Any CPU
		{3BBDD636-45CE-49A1-8CAA-B30D6A892D0C}.Debug|Any CPU.ActiveCfg = Debug|Any CPU
		{3BBDD636-45CE-49A1-8CAA-B30D6A892D0C}.Debug|Any CPU.Build.0 = Debug|Any CPU
		{3BBDD636-45CE-49A1-8CAA-B30D6A892D0C}.Release|Any CPU.ActiveCfg = Release|Any CPU
		{3BBDD636-45CE-49A1-8CAA-B30D6A892D0C}.Release|Any CPU.Build.0 = Release|Any CPU
		{F4DC0939-EFA7-4D9B-B987-ED8C40BD82E6}.Debug|Any CPU.ActiveCfg = Debug|Any CPU
		{F4DC0939-EFA7-4D9B-B987-ED8C40BD82E6}.Debug|Any CPU.Build.0 = Debug|Any CPU
		{F4DC0939-EFA7-4D9B-B987-ED8C40BD82E6}.Release|Any CPU.ActiveCfg = Release|Any CPU
		{F4DC0939-EFA7-4D9B-B987-ED8C40BD82E6}.Release|Any CPU.Build.0 = Release|Any CPU
		{E16D2602-41B1-4902-A082-8CCD0743F60F}.Debug|Any CPU.ActiveCfg = Debug|Any CPU
		{E16D2602-41B1-4902-A082-8CCD0743F60F}.Debug|Any CPU.Build.0 = Debug|Any CPU
		{E16D2602-41B1-4902-A082-8CCD0743F60F}.Release|Any CPU.ActiveCfg = Release|Any CPU
		{E16D2602-41B1-4902-A082-8CCD0743F60F}.Release|Any CPU.Build.0 = Release|Any CPU
		{4BE3DAB0-BD22-410F-8F14-972BC6BE2867}.Debug|Any CPU.ActiveCfg = Debug|Any CPU
		{4BE3DAB0-BD22-410F-8F14-972BC6BE2867}.Debug|Any CPU.Build.0 = Debug|Any CPU
		{4BE3DAB0-BD22-410F-8F14-972BC6BE2867}.Release|Any CPU.ActiveCfg = Release|Any CPU
		{4BE3DAB0-BD22-410F-8F14-972BC6BE2867}.Release|Any CPU.Build.0 = Release|Any CPU
		{D4B10946-29F2-4D91-BCEE-AAA402A38FE5}.Debug|Any CPU.ActiveCfg = Debug|Any CPU
		{D4B10946-29F2-4D91-BCEE-AAA402A38FE5}.Debug|Any CPU.Build.0 = Debug|Any CPU
		{D4B10946-29F2-4D91-BCEE-AAA402A38FE5}.Release|Any CPU.ActiveCfg = Release|Any CPU
		{D4B10946-29F2-4D91-BCEE-AAA402A38FE5}.Release|Any CPU.Build.0 = Release|Any CPU
		{C360EA5B-F942-46B2-8979-52DA054CAAC6}.Debug|Any CPU.ActiveCfg = Debug|Any CPU
		{C360EA5B-F942-46B2-8979-52DA054CAAC6}.Debug|Any CPU.Build.0 = Debug|Any CPU
		{C360EA5B-F942-46B2-8979-52DA054CAAC6}.Release|Any CPU.ActiveCfg = Release|Any CPU
		{C360EA5B-F942-46B2-8979-52DA054CAAC6}.Release|Any CPU.Build.0 = Release|Any CPU
		{D13E170D-9470-49BD-8C57-716688A12D9B}.Debug|Any CPU.ActiveCfg = Debug|Any CPU
		{D13E170D-9470-49BD-8C57-716688A12D9B}.Debug|Any CPU.Build.0 = Debug|Any CPU
		{D13E170D-9470-49BD-8C57-716688A12D9B}.Release|Any CPU.ActiveCfg = Release|Any CPU
		{D13E170D-9470-49BD-8C57-716688A12D9B}.Release|Any CPU.Build.0 = Release|Any CPU
		{1694B320-03C1-4025-9197-CB9336A213DF}.Debug|Any CPU.ActiveCfg = Debug|Any CPU
		{1694B320-03C1-4025-9197-CB9336A213DF}.Debug|Any CPU.Build.0 = Debug|Any CPU
		{1694B320-03C1-4025-9197-CB9336A213DF}.Release|Any CPU.ActiveCfg = Release|Any CPU
		{1694B320-03C1-4025-9197-CB9336A213DF}.Release|Any CPU.Build.0 = Release|Any CPU
		{1930B1A3-EA04-47E1-B57E-A0696EC080DA}.Debug|Any CPU.ActiveCfg = Debug|Any CPU
		{1930B1A3-EA04-47E1-B57E-A0696EC080DA}.Debug|Any CPU.Build.0 = Debug|Any CPU
		{1930B1A3-EA04-47E1-B57E-A0696EC080DA}.Release|Any CPU.ActiveCfg = Release|Any CPU
		{1930B1A3-EA04-47E1-B57E-A0696EC080DA}.Release|Any CPU.Build.0 = Release|Any CPU
		{EC660B0F-9D21-45C9-839B-C37AECD1F1EB}.Debug|Any CPU.ActiveCfg = Debug|Any CPU
		{EC660B0F-9D21-45C9-839B-C37AECD1F1EB}.Debug|Any CPU.Build.0 = Debug|Any CPU
		{EC660B0F-9D21-45C9-839B-C37AECD1F1EB}.Release|Any CPU.ActiveCfg = Release|Any CPU
		{EC660B0F-9D21-45C9-839B-C37AECD1F1EB}.Release|Any CPU.Build.0 = Release|Any CPU
	EndGlobalSection
	GlobalSection(SolutionProperties) = preSolution
		HideSolutionNode = FALSE
	EndGlobalSection
	GlobalSection(NestedProjects) = preSolution
		{88D9DF82-4F9B-4596-8AE0-CFF30CA6ED3E} = {BC631E1B-8867-471D-82EE-99508BF3B76C}
		{0B961CE4-5E2B-4244-8E3D-2F96BAA5BE6B} = {BC631E1B-8867-471D-82EE-99508BF3B76C}
		{9575EAEC-6575-48D5-8D7C-13C0E5AE167C} = {BC631E1B-8867-471D-82EE-99508BF3B76C}
		{39827CBA-8D84-487B-B7DC-0D9776E5A27B} = {BC631E1B-8867-471D-82EE-99508BF3B76C}
		{DA5A107E-0E60-47E8-B8BA-E833D55C1018} = {BC631E1B-8867-471D-82EE-99508BF3B76C}
		{BEE417E9-A8D5-4A22-9631-596E19C46859} = {BC631E1B-8867-471D-82EE-99508BF3B76C}
		{91BD7027-9A47-4001-8206-D058A26DDFBB} = {BC631E1B-8867-471D-82EE-99508BF3B76C}
		{09528CD2-48CA-4ED0-8FB5-A437F0861683} = {BC631E1B-8867-471D-82EE-99508BF3B76C}
		{0F86EDB2-DBE6-43C0-9FC7-332A49B4F3C9} = {BC631E1B-8867-471D-82EE-99508BF3B76C}
		{21DDC0B9-5472-4B03-8C45-675187ED0264} = {BC631E1B-8867-471D-82EE-99508BF3B76C}
		{5263796F-E3F8-4CD1-B93F-78018309DB61} = {BC631E1B-8867-471D-82EE-99508BF3B76C}
		{6A7DC293-FE94-4088-B201-AA48D9D08B22} = {BC631E1B-8867-471D-82EE-99508BF3B76C}
		{01EFE58B-C419-4AA3-B02A-142939A75813} = {BC631E1B-8867-471D-82EE-99508BF3B76C}
		{0CF741BF-0BB1-452D-B20A-7866D6B497B1} = {BC631E1B-8867-471D-82EE-99508BF3B76C}
		{F5E070DD-E5EB-4119-AB9F-6366AE065787} = {BC631E1B-8867-471D-82EE-99508BF3B76C}
		{2DE27269-456D-4C5A-BD6B-8048C4DE0074} = {BC631E1B-8867-471D-82EE-99508BF3B76C}
		{C0AC798C-977D-4517-8736-9556A04C7C97} = {BC631E1B-8867-471D-82EE-99508BF3B76C}
		{1C913067-F88F-417E-974A-B351E153B28E} = {BC631E1B-8867-471D-82EE-99508BF3B76C}
		{37AAC93A-5533-4719-A47C-031ABA94865A} = {BC631E1B-8867-471D-82EE-99508BF3B76C}
		{C33AB22F-D24B-49A9-8AB6-D903FE5C99FC} = {BC631E1B-8867-471D-82EE-99508BF3B76C}
		{3BBDD636-45CE-49A1-8CAA-B30D6A892D0C} = {BC631E1B-8867-471D-82EE-99508BF3B76C}
		{F4DC0939-EFA7-4D9B-B987-ED8C40BD82E6} = {BC631E1B-8867-471D-82EE-99508BF3B76C}
		{E16D2602-41B1-4902-A082-8CCD0743F60F} = {BC631E1B-8867-471D-82EE-99508BF3B76C}
		{4BE3DAB0-BD22-410F-8F14-972BC6BE2867} = {BC631E1B-8867-471D-82EE-99508BF3B76C}
		{D4B10946-29F2-4D91-BCEE-AAA402A38FE5} = {BC631E1B-8867-471D-82EE-99508BF3B76C}
		{C360EA5B-F942-46B2-8979-52DA054CAAC6} = {BC631E1B-8867-471D-82EE-99508BF3B76C}
		{D13E170D-9470-49BD-8C57-716688A12D9B} = {BC631E1B-8867-471D-82EE-99508BF3B76C}
		{1694B320-03C1-4025-9197-CB9336A213DF} = {BC631E1B-8867-471D-82EE-99508BF3B76C}
		{1930B1A3-EA04-47E1-B57E-A0696EC080DA} = {BC631E1B-8867-471D-82EE-99508BF3B76C}
		{EC660B0F-9D21-45C9-839B-C37AECD1F1EB} = {BC631E1B-8867-471D-82EE-99508BF3B76C}
	EndGlobalSection
	GlobalSection(ExtensibilityGlobals) = postSolution
		SolutionGuid = {6E836ACD-E295-41D0-9C83-5CC6CEE57492}
	EndGlobalSection
EndGlobal
